// !$*UTF8*$!
{
	archiveVersion = 1;
	classes = {
	};
	objectVersion = 46;
	objects = {

/* Begin PBXBuildFile section */
		4F6528C61988123B00030100 /* Foundation.framework in Frameworks */ = {isa = PBXBuildFile; fileRef = 4F6528C51988123B00030100 /* Foundation.framework */; };
		4F6528C81988123B00030100 /* CoreGraphics.framework in Frameworks */ = {isa = PBXBuildFile; fileRef = 4F6528C71988123B00030100 /* CoreGraphics.framework */; };
		4F6528CA1988123B00030100 /* UIKit.framework in Frameworks */ = {isa = PBXBuildFile; fileRef = 4F6528C91988123B00030100 /* UIKit.framework */; };
		4F6528D01988123B00030100 /* InfoPlist.strings in Resources */ = {isa = PBXBuildFile; fileRef = 4F6528CE1988123B00030100 /* InfoPlist.strings */; };
		4F6528D21988123B00030100 /* main.m in Sources */ = {isa = PBXBuildFile; fileRef = 4F6528D11988123B00030100 /* main.m */; };
		4F6528D61988123B00030100 /* ATCAppDelegate.m in Sources */ = {isa = PBXBuildFile; fileRef = 4F6528D51988123B00030100 /* ATCAppDelegate.m */; };
		4F6528D91988123B00030100 /* Main.storyboard in Resources */ = {isa = PBXBuildFile; fileRef = 4F6528D71988123B00030100 /* Main.storyboard */; };
		4F6528DC1988123B00030100 /* ATCViewController.m in Sources */ = {isa = PBXBuildFile; fileRef = 4F6528DB1988123B00030100 /* ATCViewController.m */; };
		4F6528DE1988123B00030100 /* Images.xcassets in Resources */ = {isa = PBXBuildFile; fileRef = 4F6528DD1988123B00030100 /* Images.xcassets */; };
		4F6528E51988123B00030100 /* XCTest.framework in Frameworks */ = {isa = PBXBuildFile; fileRef = 4F6528E41988123B00030100 /* XCTest.framework */; };
		4F6528E61988123B00030100 /* Foundation.framework in Frameworks */ = {isa = PBXBuildFile; fileRef = 4F6528C51988123B00030100 /* Foundation.framework */; };
		4F6528E71988123B00030100 /* UIKit.framework in Frameworks */ = {isa = PBXBuildFile; fileRef = 4F6528C91988123B00030100 /* UIKit.framework */; };
		4F6528EF1988123B00030100 /* InfoPlist.strings in Resources */ = {isa = PBXBuildFile; fileRef = 4F6528ED1988123B00030100 /* InfoPlist.strings */; };
		4F6528F11988123B00030100 /* UWFNursingTests.m in Sources */ = {isa = PBXBuildFile; fileRef = 4F6528F01988123B00030100 /* UWFNursingTests.m */; };
/* End PBXBuildFile section */

/* Begin PBXContainerItemProxy section */
		4F6528E81988123B00030100 /* PBXContainerItemProxy */ = {
			isa = PBXContainerItemProxy;
			containerPortal = 4F6528BA1988123B00030100 /* Project object */;
			proxyType = 1;
			remoteGlobalIDString = 4F6528C11988123B00030100;
			remoteInfo = UWFNursing;
		};
/* End PBXContainerItemProxy section */

/* Begin PBXFileReference section */
		4F6528C21988123B00030100 /* UWFNursing.app */ = {isa = PBXFileReference; explicitFileType = wrapper.application; includeInIndex = 0; path = UWFNursing.app; sourceTree = BUILT_PRODUCTS_DIR; };
		4F6528C51988123B00030100 /* Foundation.framework */ = {isa = PBXFileReference; lastKnownFileType = wrapper.framework; name = Foundation.framework; path = System/Library/Frameworks/Foundation.framework; sourceTree = SDKROOT; };
		4F6528C71988123B00030100 /* CoreGraphics.framework */ = {isa = PBXFileReference; lastKnownFileType = wrapper.framework; name = CoreGraphics.framework; path = System/Library/Frameworks/CoreGraphics.framework; sourceTree = SDKROOT; };
		4F6528C91988123B00030100 /* UIKit.framework */ = {isa = PBXFileReference; lastKnownFileType = wrapper.framework; name = UIKit.framework; path = System/Library/Frameworks/UIKit.framework; sourceTree = SDKROOT; };
		4F6528CD1988123B00030100 /* UWFNursing-Info.plist */ = {isa = PBXFileReference; lastKnownFileType = text.plist.xml; path = "UWFNursing-Info.plist"; sourceTree = "<group>"; };
		4F6528CF1988123B00030100 /* en */ = {isa = PBXFileReference; lastKnownFileType = text.plist.strings; name = en; path = en.lproj/InfoPlist.strings; sourceTree = "<group>"; };
		4F6528D11988123B00030100 /* main.m */ = {isa = PBXFileReference; lastKnownFileType = sourcecode.c.objc; path = main.m; sourceTree = "<group>"; };
		4F6528D31988123B00030100 /* UWFNursing-Prefix.pch */ = {isa = PBXFileReference; lastKnownFileType = sourcecode.c.h; path = "UWFNursing-Prefix.pch"; sourceTree = "<group>"; };
		4F6528D41988123B00030100 /* ATCAppDelegate.h */ = {isa = PBXFileReference; lastKnownFileType = sourcecode.c.h; path = ATCAppDelegate.h; sourceTree = "<group>"; };
		4F6528D51988123B00030100 /* ATCAppDelegate.m */ = {isa = PBXFileReference; lastKnownFileType = sourcecode.c.objc; path = ATCAppDelegate.m; sourceTree = "<group>"; };
		4F6528D81988123B00030100 /* Base */ = {isa = PBXFileReference; lastKnownFileType = file.storyboard; name = Base; path = Base.lproj/Main.storyboard; sourceTree = "<group>"; };
		4F6528DA1988123B00030100 /* ATCViewController.h */ = {isa = PBXFileReference; lastKnownFileType = sourcecode.c.h; path = ATCViewController.h; sourceTree = "<group>"; };
		4F6528DB1988123B00030100 /* ATCViewController.m */ = {isa = PBXFileReference; lastKnownFileType = sourcecode.c.objc; path = ATCViewController.m; sourceTree = "<group>"; };
		4F6528DD1988123B00030100 /* Images.xcassets */ = {isa = PBXFileReference; lastKnownFileType = folder.assetcatalog; path = Images.xcassets; sourceTree = "<group>"; };
		4F6528E31988123B00030100 /* UWFNursingTests.xctest */ = {isa = PBXFileReference; explicitFileType = wrapper.cfbundle; includeInIndex = 0; path = UWFNursingTests.xctest; sourceTree = BUILT_PRODUCTS_DIR; };
		4F6528E41988123B00030100 /* XCTest.framework */ = {isa = PBXFileReference; lastKnownFileType = wrapper.framework; name = XCTest.framework; path = Library/Frameworks/XCTest.framework; sourceTree = DEVELOPER_DIR; };
		4F6528EC1988123B00030100 /* UWFNursingTests-Info.plist */ = {isa = PBXFileReference; lastKnownFileType = text.plist.xml; path = "UWFNursingTests-Info.plist"; sourceTree = "<group>"; };
		4F6528EE1988123B00030100 /* en */ = {isa = PBXFileReference; lastKnownFileType = text.plist.strings; name = en; path = en.lproj/InfoPlist.strings; sourceTree = "<group>"; };
		4F6528F01988123B00030100 /* UWFNursingTests.m */ = {isa = PBXFileReference; lastKnownFileType = sourcecode.c.objc; path = UWFNursingTests.m; sourceTree = "<group>"; };
/* End PBXFileReference section */

/* Begin PBXFrameworksBuildPhase section */
		4F6528BF1988123B00030100 /* Frameworks */ = {
			isa = PBXFrameworksBuildPhase;
			buildActionMask = 2147483647;
			files = (
				4F6528C81988123B00030100 /* CoreGraphics.framework in Frameworks */,
				4F6528CA1988123B00030100 /* UIKit.framework in Frameworks */,
				4F6528C61988123B00030100 /* Foundation.framework in Frameworks */,
			);
			runOnlyForDeploymentPostprocessing = 0;
		};
		4F6528E01988123B00030100 /* Frameworks */ = {
			isa = PBXFrameworksBuildPhase;
			buildActionMask = 2147483647;
			files = (
				4F6528E51988123B00030100 /* XCTest.framework in Frameworks */,
				4F6528E71988123B00030100 /* UIKit.framework in Frameworks */,
				4F6528E61988123B00030100 /* Foundation.framework in Frameworks */,
			);
			runOnlyForDeploymentPostprocessing = 0;
		};
/* End PBXFrameworksBuildPhase section */

/* Begin PBXGroup section */
		4F6528B91988123B00030100 = {
			isa = PBXGroup;
			children = (
				4F6528CB1988123B00030100 /* UWFNursing */,
				4F6528EA1988123B00030100 /* UWFNursingTests */,
				4F6528C41988123B00030100 /* Frameworks */,
				4F6528C31988123B00030100 /* Products */,
			);
			sourceTree = "<group>";
		};
		4F6528C31988123B00030100 /* Products */ = {
			isa = PBXGroup;
			children = (
				4F6528C21988123B00030100 /* UWFNursing.app */,
				4F6528E31988123B00030100 /* UWFNursingTests.xctest */,
			);
			name = Products;
			sourceTree = "<group>";
		};
		4F6528C41988123B00030100 /* Frameworks */ = {
			isa = PBXGroup;
			children = (
				4F6528C51988123B00030100 /* Foundation.framework */,
				4F6528C71988123B00030100 /* CoreGraphics.framework */,
				4F6528C91988123B00030100 /* UIKit.framework */,
				4F6528E41988123B00030100 /* XCTest.framework */,
			);
			name = Frameworks;
			sourceTree = "<group>";
		};
		4F6528CB1988123B00030100 /* UWFNursing */ = {
			isa = PBXGroup;
			children = (
				4F6528D41988123B00030100 /* ATCAppDelegate.h */,
				4F6528D51988123B00030100 /* ATCAppDelegate.m */,
				4F6528D71988123B00030100 /* Main.storyboard */,
				4F6528DA1988123B00030100 /* ATCViewController.h */,
				4F6528DB1988123B00030100 /* ATCViewController.m */,
				4F6528DD1988123B00030100 /* Images.xcassets */,
				4F6528CC1988123B00030100 /* Supporting Files */,
			);
			path = UWFNursing;
			sourceTree = "<group>";
		};
		4F6528CC1988123B00030100 /* Supporting Files */ = {
			isa = PBXGroup;
			children = (
				4F6528CD1988123B00030100 /* UWFNursing-Info.plist */,
				4F6528CE1988123B00030100 /* InfoPlist.strings */,
				4F6528D11988123B00030100 /* main.m */,
				4F6528D31988123B00030100 /* UWFNursing-Prefix.pch */,
			);
			name = "Supporting Files";
			sourceTree = "<group>";
		};
		4F6528EA1988123B00030100 /* UWFNursingTests */ = {
			isa = PBXGroup;
			children = (
				4F6528F01988123B00030100 /* UWFNursingTests.m */,
				4F6528EB1988123B00030100 /* Supporting Files */,
			);
			path = UWFNursingTests;
			sourceTree = "<group>";
		};
		4F6528EB1988123B00030100 /* Supporting Files */ = {
			isa = PBXGroup;
			children = (
				4F6528EC1988123B00030100 /* UWFNursingTests-Info.plist */,
				4F6528ED1988123B00030100 /* InfoPlist.strings */,
			);
			name = "Supporting Files";
			sourceTree = "<group>";
		};
/* End PBXGroup section */

/* Begin PBXNativeTarget section */
		4F6528C11988123B00030100 /* UWFNursing */ = {
			isa = PBXNativeTarget;
			buildConfigurationList = 4F6528F41988123B00030100 /* Build configuration list for PBXNativeTarget "UWFNursing" */;
			buildPhases = (
				4F6528BE1988123B00030100 /* Sources */,
				4F6528BF1988123B00030100 /* Frameworks */,
				4F6528C01988123B00030100 /* Resources */,
			);
			buildRules = (
			);
			dependencies = (
			);
			name = UWFNursing;
			productName = UWFNursing;
			productReference = 4F6528C21988123B00030100 /* UWFNursing.app */;
			productType = "com.apple.product-type.application";
		};
		4F6528E21988123B00030100 /* UWFNursingTests */ = {
			isa = PBXNativeTarget;
			buildConfigurationList = 4F6528F71988123B00030100 /* Build configuration list for PBXNativeTarget "UWFNursingTests" */;
			buildPhases = (
				4F6528DF1988123B00030100 /* Sources */,
				4F6528E01988123B00030100 /* Frameworks */,
				4F6528E11988123B00030100 /* Resources */,
			);
			buildRules = (
			);
			dependencies = (
				4F6528E91988123B00030100 /* PBXTargetDependency */,
			);
			name = UWFNursingTests;
			productName = UWFNursingTests;
			productReference = 4F6528E31988123B00030100 /* UWFNursingTests.xctest */;
			productType = "com.apple.product-type.bundle.unit-test";
		};
/* End PBXNativeTarget section */

/* Begin PBXProject section */
		4F6528BA1988123B00030100 /* Project object */ = {
			isa = PBXProject;
			attributes = {
				CLASSPREFIX = ATC;
				LastUpgradeCheck = 0510;
				ORGANIZATIONNAME = "Janusz Chudzynski";
				TargetAttributes = {
					4F6528E21988123B00030100 = {
						TestTargetID = 4F6528C11988123B00030100;
					};
				};
			};
			buildConfigurationList = 4F6528BD1988123B00030100 /* Build configuration list for PBXProject "UWFNursing" */;
			compatibilityVersion = "Xcode 3.2";
			developmentRegion = English;
			hasScannedForEncodings = 0;
			knownRegions = (
				en,
				Base,
			);
			mainGroup = 4F6528B91988123B00030100;
			productRefGroup = 4F6528C31988123B00030100 /* Products */;
			projectDirPath = "";
			projectRoot = "";
			targets = (
				4F6528C11988123B00030100 /* UWFNursing */,
				4F6528E21988123B00030100 /* UWFNursingTests */,
			);
		};
/* End PBXProject section */

/* Begin PBXResourcesBuildPhase section */
		4F6528C01988123B00030100 /* Resources */ = {
			isa = PBXResourcesBuildPhase;
			buildActionMask = 2147483647;
			files = (
				4F6528DE1988123B00030100 /* Images.xcassets in Resources */,
				4F6528D01988123B00030100 /* InfoPlist.strings in Resources */,
				4F6528D91988123B00030100 /* Main.storyboard in Resources */,
			);
			runOnlyForDeploymentPostprocessing = 0;
		};
		4F6528E11988123B00030100 /* Resources */ = {
			isa = PBXResourcesBuildPhase;
			buildActionMask = 2147483647;
			files = (
				4F6528EF1988123B00030100 /* InfoPlist.strings in Resources */,
			);
			runOnlyForDeploymentPostprocessing = 0;
		};
/* End PBXResourcesBuildPhase section */

/* Begin PBXSourcesBuildPhase section */
		4F6528BE1988123B00030100 /* Sources */ = {
			isa = PBXSourcesBuildPhase;
			buildActionMask = 2147483647;
			files = (
				4F6528D21988123B00030100 /* main.m in Sources */,
				4F6528DC1988123B00030100 /* ATCViewController.m in Sources */,
				4F6528D61988123B00030100 /* ATCAppDelegate.m in Sources */,
			);
			runOnlyForDeploymentPostprocessing = 0;
		};
		4F6528DF1988123B00030100 /* Sources */ = {
			isa = PBXSourcesBuildPhase;
			buildActionMask = 2147483647;
			files = (
				4F6528F11988123B00030100 /* UWFNursingTests.m in Sources */,
			);
			runOnlyForDeploymentPostprocessing = 0;
		};
/* End PBXSourcesBuildPhase section */

/* Begin PBXTargetDependency section */
		4F6528E91988123B00030100 /* PBXTargetDependency */ = {
			isa = PBXTargetDependency;
			target = 4F6528C11988123B00030100 /* UWFNursing */;
			targetProxy = 4F6528E81988123B00030100 /* PBXContainerItemProxy */;
		};
/* End PBXTargetDependency section */

/* Begin PBXVariantGroup section */
		4F6528CE1988123B00030100 /* InfoPlist.strings */ = {
			isa = PBXVariantGroup;
			children = (
				4F6528CF1988123B00030100 /* en */,
			);
			name = InfoPlist.strings;
			sourceTree = "<group>";
		};
		4F6528D71988123B00030100 /* Main.storyboard */ = {
			isa = PBXVariantGroup;
			children = (
				4F6528D81988123B00030100 /* Base */,
			);
			name = Main.storyboard;
			sourceTree = "<group>";
		};
		4F6528ED1988123B00030100 /* InfoPlist.strings */ = {
			isa = PBXVariantGroup;
			children = (
				4F6528EE1988123B00030100 /* en */,
			);
			name = InfoPlist.strings;
			sourceTree = "<group>";
		};
/* End PBXVariantGroup section */

/* Begin XCBuildConfiguration section */
		4F6528F21988123B00030100 /* Debug */ = {
			isa = XCBuildConfiguration;
			buildSettings = {
				ALWAYS_SEARCH_USER_PATHS = NO;
				CLANG_CXX_LANGUAGE_STANDARD = "gnu++0x";
				CLANG_CXX_LIBRARY = "libc++";
				CLANG_ENABLE_MODULES = YES;
				CLANG_ENABLE_OBJC_ARC = YES;
				CLANG_WARN_BOOL_CONVERSION = YES;
				CLANG_WARN_CONSTANT_CONVERSION = YES;
				CLANG_WARN_DIRECT_OBJC_ISA_USAGE = YES_ERROR;
				CLANG_WARN_EMPTY_BODY = YES;
				CLANG_WARN_ENUM_CONVERSION = YES;
				CLANG_WARN_INT_CONVERSION = YES;
				CLANG_WARN_OBJC_ROOT_CLASS = YES_ERROR;
				CLANG_WARN__DUPLICATE_METHOD_MATCH = YES;
				"CODE_SIGN_IDENTITY[sdk=iphoneos*]" = "iPhone Developer";
				COPY_PHASE_STRIP = NO;
				GCC_C_LANGUAGE_STANDARD = gnu99;
				GCC_DYNAMIC_NO_PIC = NO;
				GCC_OPTIMIZATION_LEVEL = 0;
				GCC_PREPROCESSOR_DEFINITIONS = (
					"DEBUG=1",
					"$(inherited)",
				);
				GCC_SYMBOLS_PRIVATE_EXTERN = NO;
				GCC_WARN_64_TO_32_BIT_CONVERSION = YES;
				GCC_WARN_ABOUT_RETURN_TYPE = YES_ERROR;
				GCC_WARN_UNDECLARED_SELECTOR = YES;
				GCC_WARN_UNINITIALIZED_AUTOS = YES_AGGRESSIVE;
				GCC_WARN_UNUSED_FUNCTION = YES;
				GCC_WARN_UNUSED_VARIABLE = YES;
				IPHONEOS_DEPLOYMENT_TARGET = 7.1;
				ONLY_ACTIVE_ARCH = YES;
				SDKROOT = iphoneos;
			};
			name = Debug;
		};
		4F6528F31988123B00030100 /* Release */ = {
			isa = XCBuildConfiguration;
			buildSettings = {
				ALWAYS_SEARCH_USER_PATHS = NO;
				CLANG_CXX_LANGUAGE_STANDARD = "gnu++0x";
				CLANG_CXX_LIBRARY = "libc++";
				CLANG_ENABLE_MODULES = YES;
				CLANG_ENABLE_OBJC_ARC = YES;
				CLANG_WARN_BOOL_CONVERSION = YES;
				CLANG_WARN_CONSTANT_CONVERSION = YES;
				CLANG_WARN_DIRECT_OBJC_ISA_USAGE = YES_ERROR;
				CLANG_WARN_EMPTY_BODY = YES;
				CLANG_WARN_ENUM_CONVERSION = YES;
				CLANG_WARN_INT_CONVERSION = YES;
				CLANG_WARN_OBJC_ROOT_CLASS = YES_ERROR;
				CLANG_WARN__DUPLICATE_METHOD_MATCH = YES;
				"CODE_SIGN_IDENTITY[sdk=iphoneos*]" = "iPhone Developer";
				COPY_PHASE_STRIP = YES;
				ENABLE_NS_ASSERTIONS = NO;
				GCC_C_LANGUAGE_STANDARD = gnu99;
				GCC_WARN_64_TO_32_BIT_CONVERSION = YES;
				GCC_WARN_ABOUT_RETURN_TYPE = YES_ERROR;
				GCC_WARN_UNDECLARED_SELECTOR = YES;
				GCC_WARN_UNINITIALIZED_AUTOS = YES_AGGRESSIVE;
				GCC_WARN_UNUSED_FUNCTION = YES;
				GCC_WARN_UNUSED_VARIABLE = YES;
				IPHONEOS_DEPLOYMENT_TARGET = 7.1;
				SDKROOT = iphoneos;
				VALIDATE_PRODUCT = YES;
			};
			name = Release;
		};
		4F6528F51988123B00030100 /* Debug */ = {
			isa = XCBuildConfiguration;
			buildSettings = {
				ASSETCATALOG_COMPILER_APPICON_NAME = AppIcon;
				ASSETCATALOG_COMPILER_LAUNCHIMAGE_NAME = LaunchImage;
				GCC_PRECOMPILE_PREFIX_HEADER = YES;
				GCC_PREFIX_HEADER = "UWFNursing/UWFNursing-Prefix.pch";
				INFOPLIST_FILE = "UWFNursing/UWFNursing-Info.plist";
				PRODUCT_NAME = "$(TARGET_NAME)";
				WRAPPER_EXTENSION = app;
			};
			name = Debug;
		};
		4F6528F61988123B00030100 /* Release */ = {
			isa = XCBuildConfiguration;
			buildSettings = {
				ASSETCATALOG_COMPILER_APPICON_NAME = AppIcon;
				ASSETCATALOG_COMPILER_LAUNCHIMAGE_NAME = LaunchImage;
				GCC_PRECOMPILE_PREFIX_HEADER = YES;
				GCC_PREFIX_HEADER = "UWFNursing/UWFNursing-Prefix.pch";
				INFOPLIST_FILE = "UWFNursing/UWFNursing-Info.plist";
				PRODUCT_NAME = "$(TARGET_NAME)";
				WRAPPER_EXTENSION = app;
			};
			name = Release;
		};
		4F6528F81988123B00030100 /* Debug */ = {
			isa = XCBuildConfiguration;
			buildSettings = {
				BUNDLE_LOADER = "$(BUILT_PRODUCTS_DIR)/UWFNursing.app/UWFNursing";
				FRAMEWORK_SEARCH_PATHS = (
					"$(SDKROOT)/Developer/Library/Frameworks",
					"$(inherited)",
					"$(DEVELOPER_FRAMEWORKS_DIR)",
				);
				GCC_PRECOMPILE_PREFIX_HEADER = YES;
				GCC_PREFIX_HEADER = "UWFNursing/UWFNursing-Prefix.pch";
				GCC_PREPROCESSOR_DEFINITIONS = (
					"DEBUG=1",
					"$(inherited)",
				);
				INFOPLIST_FILE = "UWFNursingTests/UWFNursingTests-Info.plist";
				PRODUCT_NAME = "$(TARGET_NAME)";
				TEST_HOST = "$(BUNDLE_LOADER)";
				WRAPPER_EXTENSION = xctest;
			};
			name = Debug;
		};
		4F6528F91988123B00030100 /* Release */ = {
			isa = XCBuildConfiguration;
			buildSettings = {
				BUNDLE_LOADER = "$(BUILT_PRODUCTS_DIR)/UWFNursing.app/UWFNursing";
				FRAMEWORK_SEARCH_PATHS = (
					"$(SDKROOT)/Developer/Library/Frameworks",
					"$(inherited)",
					"$(DEVELOPER_FRAMEWORKS_DIR)",
				);
				GCC_PRECOMPILE_PREFIX_HEADER = YES;
				GCC_PREFIX_HEADER = "UWFNursing/UWFNursing-Prefix.pch";
				INFOPLIST_FILE = "UWFNursingTests/UWFNursingTests-Info.plist";
				PRODUCT_NAME = "$(TARGET_NAME)";
				TEST_HOST = "$(BUNDLE_LOADER)";
				WRAPPER_EXTENSION = xctest;
			};
			name = Release;
		};
/* End XCBuildConfiguration section */

/* Begin XCConfigurationList section */
		4F6528BD1988123B00030100 /* Build configuration list for PBXProject "UWFNursing" */ = {
			isa = XCConfigurationList;
			buildConfigurations = (
				4F6528F21988123B00030100 /* Debug */,
				4F6528F31988123B00030100 /* Release */,
			);
			defaultConfigurationIsVisible = 0;
			defaultConfigurationName = Release;
		};
		4F6528F41988123B00030100 /* Build configuration list for PBXNativeTarget "UWFNursing" */ = {
			isa = XCConfigurationList;
			buildConfigurations = (
				4F6528F51988123B00030100 /* Debug */,
				4F6528F61988123B00030100 /* Release */,
			);
			defaultConfigurationIsVisible = 0;
		};
		4F6528F71988123B00030100 /* Build configuration list for PBXNativeTarget "UWFNursingTests" */ = {
			isa = XCConfigurationList;
			buildConfigurations = (
				4F6528F81988123B00030100 /* Debug */,
				4F6528F91988123B00030100 /* Release */,
			);
			defaultConfigurationIsVisible = 0;
		};
/* End XCConfigurationList section */
	};
	rootObject = 4F6528BA1988123B00030100 /* Project object */;
}
