// !$*UTF8*$!
{
	archiveVersion = 1;
	classes = {
	};
	objectVersion = 46;
	objects = {

/* Begin PBXBuildFile section */
		4F35538519E585E300F48092 /* Girls.pdf in Resources */ = {isa = PBXBuildFile; fileRef = 4F35538419E585E300F48092 /* Girls.pdf */; };
		4F35538819E599B700F48092 /* ATCNetworkTest.m in Sources */ = {isa = PBXBuildFile; fileRef = 4F35538719E599B700F48092 /* ATCNetworkTest.m */; };
		4F35538919E599B700F48092 /* ATCNetworkTest.m in Sources */ = {isa = PBXBuildFile; fileRef = 4F35538719E599B700F48092 /* ATCNetworkTest.m */; };
		4F35538C19E6E1C400F48092 /* ATCState.m in Sources */ = {isa = PBXBuildFile; fileRef = 4F35538B19E6E1C400F48092 /* ATCState.m */; };
		4F35538D19E6E1C400F48092 /* ATCState.m in Sources */ = {isa = PBXBuildFile; fileRef = 4F35538B19E6E1C400F48092 /* ATCState.m */; };
		4F35539119E6EED500F48092 /* ATCPrimaryNurseChoice.m in Sources */ = {isa = PBXBuildFile; fileRef = 4F35539019E6EED500F48092 /* ATCPrimaryNurseChoice.m */; };
		4F35539219E6EED500F48092 /* ATCPrimaryNurseChoice.m in Sources */ = {isa = PBXBuildFile; fileRef = 4F35539019E6EED500F48092 /* ATCPrimaryNurseChoice.m */; };
		4F35539519EC777B00F48092 /* ATCWarningViewController.m in Sources */ = {isa = PBXBuildFile; fileRef = 4F35539419EC777B00F48092 /* ATCWarningViewController.m */; };
		4F35539619EC777B00F48092 /* ATCWarningViewController.m in Sources */ = {isa = PBXBuildFile; fileRef = 4F35539419EC777B00F48092 /* ATCWarningViewController.m */; };
		4F3553AC19EEB37700F48092 /* ATCBeaconNetworkUtilities.m in Sources */ = {isa = PBXBuildFile; fileRef = 4F3553AB19EEB37700F48092 /* ATCBeaconNetworkUtilities.m */; };
		4F3553AD19EEB37700F48092 /* ATCBeaconNetworkUtilities.m in Sources */ = {isa = PBXBuildFile; fileRef = 4F3553AB19EEB37700F48092 /* ATCBeaconNetworkUtilities.m */; };
		4F3553B319EED63200F48092 /* JMCBeaconManager.m in Sources */ = {isa = PBXBuildFile; fileRef = 4F3553B219EED63200F48092 /* JMCBeaconManager.m */; };
		4F5B295719951DC80055E462 /* ATCLogViewController.m in Sources */ = {isa = PBXBuildFile; fileRef = 4F5B295619951DC80055E462 /* ATCLogViewController.m */; };
		4F6528C61988123B00030100 /* Foundation.framework in Frameworks */ = {isa = PBXBuildFile; fileRef = 4F6528C51988123B00030100 /* Foundation.framework */; };
		4F6528C81988123B00030100 /* CoreGraphics.framework in Frameworks */ = {isa = PBXBuildFile; fileRef = 4F6528C71988123B00030100 /* CoreGraphics.framework */; };
		4F6528CA1988123B00030100 /* UIKit.framework in Frameworks */ = {isa = PBXBuildFile; fileRef = 4F6528C91988123B00030100 /* UIKit.framework */; };
		4F6528D01988123B00030100 /* InfoPlist.strings in Resources */ = {isa = PBXBuildFile; fileRef = 4F6528CE1988123B00030100 /* InfoPlist.strings */; };
		4F6528D21988123B00030100 /* main.m in Sources */ = {isa = PBXBuildFile; fileRef = 4F6528D11988123B00030100 /* main.m */; };
		4F6528D61988123B00030100 /* ATCAppDelegate.m in Sources */ = {isa = PBXBuildFile; fileRef = 4F6528D51988123B00030100 /* ATCAppDelegate.m */; };
		4F6528D91988123B00030100 /* Main.storyboard in Resources */ = {isa = PBXBuildFile; fileRef = 4F6528D71988123B00030100 /* Main.storyboard */; };
		4F6528DC1988123B00030100 /* ATCStationsViewController.m in Sources */ = {isa = PBXBuildFile; fileRef = 4F6528DB1988123B00030100 /* ATCStationsViewController.m */; };
		4F6528DE1988123B00030100 /* Images.xcassets in Resources */ = {isa = PBXBuildFile; fileRef = 4F6528DD1988123B00030100 /* Images.xcassets */; };
		4F6528E51988123B00030100 /* XCTest.framework in Frameworks */ = {isa = PBXBuildFile; fileRef = 4F6528E41988123B00030100 /* XCTest.framework */; };
		4F6528E61988123B00030100 /* Foundation.framework in Frameworks */ = {isa = PBXBuildFile; fileRef = 4F6528C51988123B00030100 /* Foundation.framework */; };
		4F6528E71988123B00030100 /* UIKit.framework in Frameworks */ = {isa = PBXBuildFile; fileRef = 4F6528C91988123B00030100 /* UIKit.framework */; };
		4F6528EF1988123B00030100 /* InfoPlist.strings in Resources */ = {isa = PBXBuildFile; fileRef = 4F6528ED1988123B00030100 /* InfoPlist.strings */; };
		4F6528F11988123B00030100 /* UWFNursingTests.m in Sources */ = {isa = PBXBuildFile; fileRef = 4F6528F01988123B00030100 /* UWFNursingTests.m */; };
		4F6529031988167F00030100 /* Juniorsimapp1.pdf in Resources */ = {isa = PBXBuildFile; fileRef = 4F6528FB1988167F00030100 /* Juniorsimapp1.pdf */; };
		4F6529041988167F00030100 /* Juniorsimapp2.pdf in Resources */ = {isa = PBXBuildFile; fileRef = 4F6528FC1988167F00030100 /* Juniorsimapp2.pdf */; };
		4F6529051988167F00030100 /* Juniorsimapp3.pdf in Resources */ = {isa = PBXBuildFile; fileRef = 4F6528FD1988167F00030100 /* Juniorsimapp3.pdf */; };
		4F6529061988167F00030100 /* Juniorsimapp4.pdf in Resources */ = {isa = PBXBuildFile; fileRef = 4F6528FE1988167F00030100 /* Juniorsimapp4.pdf */; };
		4F65290D1988171200030100 /* ATCDocumentsViewController.m in Sources */ = {isa = PBXBuildFile; fileRef = 4F65290C1988171200030100 /* ATCDocumentsViewController.m */; };
		4F6529101988174500030100 /* DataSource.m in Sources */ = {isa = PBXBuildFile; fileRef = 4F65290F1988174500030100 /* DataSource.m */; };
		4F6529151988212A00030100 /* OB POSTPARTUM ASSESSMENT.pdf in Resources */ = {isa = PBXBuildFile; fileRef = 4F6529111988212A00030100 /* OB POSTPARTUM ASSESSMENT.pdf */; };
		4F6529161988212A00030100 /* OB PPD.pdf in Resources */ = {isa = PBXBuildFile; fileRef = 4F6529121988212A00030100 /* OB PPD.pdf */; };
		4F6529171988212A00030100 /* PEDS ASTHMA.pdf in Resources */ = {isa = PBXBuildFile; fileRef = 4F6529131988212A00030100 /* PEDS ASTHMA.pdf */; };
		4F6529181988212A00030100 /* PEDS G & D.pdf in Resources */ = {isa = PBXBuildFile; fileRef = 4F6529141988212A00030100 /* PEDS G & D.pdf */; };
		4F65291C1988219300030100 /* ATCDetailsWebViewController.m in Sources */ = {isa = PBXBuildFile; fileRef = 4F65291B1988219300030100 /* ATCDetailsWebViewController.m */; };
		4F65292019882C6500030100 /* igViewController.m in Sources */ = {isa = PBXBuildFile; fileRef = 4F65291F19882C6500030100 /* igViewController.m */; };
		4F6C86491A03EE5B0093E72C /* ATCBedStationViewController.m in Sources */ = {isa = PBXBuildFile; fileRef = 4F6C86481A03EE5B0093E72C /* ATCBedStationViewController.m */; };
		4F6C864A1A03EE5B0093E72C /* ATCBedStationViewController.m in Sources */ = {isa = PBXBuildFile; fileRef = 4F6C86481A03EE5B0093E72C /* ATCBedStationViewController.m */; };
		4F6C864D1A040FDC0093E72C /* ATCPatientViewController.m in Sources */ = {isa = PBXBuildFile; fileRef = 4F6C864C1A040FDC0093E72C /* ATCPatientViewController.m */; };
		4F6C864E1A040FDC0093E72C /* ATCPatientViewController.m in Sources */ = {isa = PBXBuildFile; fileRef = 4F6C864C1A040FDC0093E72C /* ATCPatientViewController.m */; };
		4F73F64F19FFFAB500B25D7C /* map.png in Resources */ = {isa = PBXBuildFile; fileRef = 4F73F64D19FFFAB500B25D7C /* map.png */; };
		4F73F65019FFFAB500B25D7C /* map@2x.png in Resources */ = {isa = PBXBuildFile; fileRef = 4F73F64E19FFFAB500B25D7C /* map@2x.png */; };
		4F73F65319FFFC4500B25D7C /* justify.png in Resources */ = {isa = PBXBuildFile; fileRef = 4F73F65119FFFC4500B25D7C /* justify.png */; };
		4F73F65419FFFC4500B25D7C /* justify@2x.png in Resources */ = {isa = PBXBuildFile; fileRef = 4F73F65219FFFC4500B25D7C /* justify@2x.png */; };
		4F85E61519C77ECA008B4D1C /* low_power.wav in Resources */ = {isa = PBXBuildFile; fileRef = 4F85E61419C77ECA008B4D1C /* low_power.wav */; };
		4F85E61719C785AB008B4D1C /* wash-hands-no-germs.jpg in Resources */ = {isa = PBXBuildFile; fileRef = 4F85E61619C785AB008B4D1C /* wash-hands-no-germs.jpg */; };
		4F85E61A19C786C6008B4D1C /* Utilities.m in Sources */ = {isa = PBXBuildFile; fileRef = 4F85E61919C786C6008B4D1C /* Utilities.m */; };
		4F85E61D19C78AF1008B4D1C /* ATCWashingHandsStationViewController.m in Sources */ = {isa = PBXBuildFile; fileRef = 4F85E61C19C78AF1008B4D1C /* ATCWashingHandsStationViewController.m */; };
		4F98B65519DC3F8D002624AA /* caution.png in Resources */ = {isa = PBXBuildFile; fileRef = 4F98B65319DC3F8D002624AA /* caution.png */; };
		4F98B65619DC3F8D002624AA /* caution@2x.png in Resources */ = {isa = PBXBuildFile; fileRef = 4F98B65419DC3F8D002624AA /* caution@2x.png */; };
		4F9CB51A19F1C0C3006DA3FC /* bedside.png in Resources */ = {isa = PBXBuildFile; fileRef = 4F9CB51619F1C0C3006DA3FC /* bedside.png */; };
		4F9CB51B19F1C0C3006DA3FC /* briefing_room.png in Resources */ = {isa = PBXBuildFile; fileRef = 4F9CB51719F1C0C3006DA3FC /* briefing_room.png */; };
		4F9CB51C19F1C0C3006DA3FC /* simlab.png in Resources */ = {isa = PBXBuildFile; fileRef = 4F9CB51819F1C0C3006DA3FC /* simlab.png */; };
		4F9CB51D19F1C0C3006DA3FC /* sink.png in Resources */ = {isa = PBXBuildFile; fileRef = 4F9CB51919F1C0C3006DA3FC /* sink.png */; };
		4FD3DC8F19D9D95B00E8A759 /* ATCAuthenticateViewController.m in Sources */ = {isa = PBXBuildFile; fileRef = 4FD3DC8E19D9D95B00E8A759 /* ATCAuthenticateViewController.m */; };
		4FD3DC9019D9D95B00E8A759 /* ATCAuthenticateViewController.m in Sources */ = {isa = PBXBuildFile; fileRef = 4FD3DC8E19D9D95B00E8A759 /* ATCAuthenticateViewController.m */; };
		4FD3DC9219D9E06100E8A759 /* sampleLogo.png in Resources */ = {isa = PBXBuildFile; fileRef = 4FD3DC9119D9E06100E8A759 /* sampleLogo.png */; };
		4FD3DC9319D9E06100E8A759 /* sampleLogo.png in Resources */ = {isa = PBXBuildFile; fileRef = 4FD3DC9119D9E06100E8A759 /* sampleLogo.png */; };
		4FD3DC9519D9FACE00E8A759 /* documents.png in Resources */ = {isa = PBXBuildFile; fileRef = 4FD3DC9419D9FACE00E8A759 /* documents.png */; };
		4FD3DC9619D9FACE00E8A759 /* documents.png in Resources */ = {isa = PBXBuildFile; fileRef = 4FD3DC9419D9FACE00E8A759 /* documents.png */; };
		4FD3DC9C19D9FB3900E8A759 /* help.png in Resources */ = {isa = PBXBuildFile; fileRef = 4FD3DC9B19D9FB3900E8A759 /* help.png */; };
		4FD3DC9D19D9FB3900E8A759 /* help.png in Resources */ = {isa = PBXBuildFile; fileRef = 4FD3DC9B19D9FB3900E8A759 /* help.png */; };
		4FD3DC9F19D9FBC700E8A759 /* padlock.png in Resources */ = {isa = PBXBuildFile; fileRef = 4FD3DC9E19D9FBC700E8A759 /* padlock.png */; };
		4FD3DCA019D9FBC700E8A759 /* padlock.png in Resources */ = {isa = PBXBuildFile; fileRef = 4FD3DC9E19D9FBC700E8A759 /* padlock.png */; };
		4FD3DCA219D9FD5400E8A759 /* scan.png in Resources */ = {isa = PBXBuildFile; fileRef = 4FD3DCA119D9FD5400E8A759 /* scan.png */; };
		4FD3DCA319D9FD5400E8A759 /* scan.png in Resources */ = {isa = PBXBuildFile; fileRef = 4FD3DCA119D9FD5400E8A759 /* scan.png */; };
		4FD3DCA519D9FE1800E8A759 /* debugging.png in Resources */ = {isa = PBXBuildFile; fileRef = 4FD3DCA419D9FE1800E8A759 /* debugging.png */; };
		4FD3DCA619D9FE1800E8A759 /* debugging.png in Resources */ = {isa = PBXBuildFile; fileRef = 4FD3DCA419D9FE1800E8A759 /* debugging.png */; };
		4FD3DCA819D9FE6000E8A759 /* unlock.png in Resources */ = {isa = PBXBuildFile; fileRef = 4FD3DCA719D9FE6000E8A759 /* unlock.png */; };
		4FD3DCA919D9FE6000E8A759 /* unlock.png in Resources */ = {isa = PBXBuildFile; fileRef = 4FD3DCA719D9FE6000E8A759 /* unlock.png */; };
		4FD3DCAB19DA016800E8A759 /* debugging@2x.png in Resources */ = {isa = PBXBuildFile; fileRef = 4FD3DCAA19DA016800E8A759 /* debugging@2x.png */; };
		4FD3DCAC19DA016800E8A759 /* debugging@2x.png in Resources */ = {isa = PBXBuildFile; fileRef = 4FD3DCAA19DA016800E8A759 /* debugging@2x.png */; };
		4FD3DCB019DA01D500E8A759 /* documents@2x.png in Resources */ = {isa = PBXBuildFile; fileRef = 4FD3DCAD19DA01D500E8A759 /* documents@2x.png */; };
		4FD3DCB119DA01D500E8A759 /* documents@2x.png in Resources */ = {isa = PBXBuildFile; fileRef = 4FD3DCAD19DA01D500E8A759 /* documents@2x.png */; };
		4FD3DCB219DA01D500E8A759 /* help@2x.png in Resources */ = {isa = PBXBuildFile; fileRef = 4FD3DCAE19DA01D500E8A759 /* help@2x.png */; };
		4FD3DCB319DA01D500E8A759 /* help@2x.png in Resources */ = {isa = PBXBuildFile; fileRef = 4FD3DCAE19DA01D500E8A759 /* help@2x.png */; };
		4FD3DCB419DA01D500E8A759 /* padlock@2x.png in Resources */ = {isa = PBXBuildFile; fileRef = 4FD3DCAF19DA01D500E8A759 /* padlock@2x.png */; };
		4FD3DCB519DA01D500E8A759 /* padlock@2x.png in Resources */ = {isa = PBXBuildFile; fileRef = 4FD3DCAF19DA01D500E8A759 /* padlock@2x.png */; };
		4FD3DCB719DA01DC00E8A759 /* scan@2x.png in Resources */ = {isa = PBXBuildFile; fileRef = 4FD3DCB619DA01DC00E8A759 /* scan@2x.png */; };
		4FD3DCB819DA01DC00E8A759 /* scan@2x.png in Resources */ = {isa = PBXBuildFile; fileRef = 4FD3DCB619DA01DC00E8A759 /* scan@2x.png */; };
		4FD3DCBB19DA028400E8A759 /* clear.png in Resources */ = {isa = PBXBuildFile; fileRef = 4FD3DCB919DA028400E8A759 /* clear.png */; };
		4FD3DCBC19DA028400E8A759 /* clear.png in Resources */ = {isa = PBXBuildFile; fileRef = 4FD3DCB919DA028400E8A759 /* clear.png */; };
		4FD3DCBD19DA028400E8A759 /* clear@2x.png in Resources */ = {isa = PBXBuildFile; fileRef = 4FD3DCBA19DA028400E8A759 /* clear@2x.png */; };
		4FD3DCBE19DA028400E8A759 /* clear@2x.png in Resources */ = {isa = PBXBuildFile; fileRef = 4FD3DCBA19DA028400E8A759 /* clear@2x.png */; };
		4FD3DCC219DB008700E8A759 /* ATCBeacon.m in Sources */ = {isa = PBXBuildFile; fileRef = 4FD3DCC119DB008700E8A759 /* ATCBeacon.m */; };
		4FD3DCC519DB00E500E8A759 /* ATCPatientCell.m in Sources */ = {isa = PBXBuildFile; fileRef = 4FD3DCC419DB00E500E8A759 /* ATCPatientCell.m */; };
		4FD3DCC819DB01B600E8A759 /* ATCStation.m in Sources */ = {isa = PBXBuildFile; fileRef = 4FD3DCC719DB01B600E8A759 /* ATCStation.m */; };
		4FD3DCCA19DB03C800E8A759 /* female_patient.png in Resources */ = {isa = PBXBuildFile; fileRef = 4FD3DCC919DB03C800E8A759 /* female_patient.png */; };
		4FD3DCCC19DB043B00E8A759 /* female_patient@2x.png in Resources */ = {isa = PBXBuildFile; fileRef = 4FD3DCCB19DB043B00E8A759 /* female_patient@2x.png */; };
		4FD3DCD319DB0D6900E8A759 /* Localizable.strings in Resources */ = {isa = PBXBuildFile; fileRef = 4FD3DCD219DB0D6900E8A759 /* Localizable.strings */; };
		4FD3DCD519DB110600E8A759 /* ATCBeaconContentManager.m in Sources */ = {isa = PBXBuildFile; fileRef = 4FD3DCD419DB110600E8A759 /* ATCBeaconContentManager.m */; };
		4FD3DCD619DB110600E8A759 /* ATCBeaconContentManager.m in Sources */ = {isa = PBXBuildFile; fileRef = 4FD3DCD419DB110600E8A759 /* ATCBeaconContentManager.m */; };
		4FD3DCD819DB2C5100E8A759 /* ATCPatient.m in Sources */ = {isa = PBXBuildFile; fileRef = 4FD3DCD719DB2C5100E8A759 /* ATCPatient.m */; };
		4FD3DCD919DB2C5100E8A759 /* ATCPatient.m in Sources */ = {isa = PBXBuildFile; fileRef = 4FD3DCD719DB2C5100E8A759 /* ATCPatient.m */; };
		823D3B3619F8399F0018947A /* ATCNavigationViewController.m in Sources */ = {isa = PBXBuildFile; fileRef = 823D3B3519F8399F0018947A /* ATCNavigationViewController.m */; };
		823D3B3919F86F210018947A /* ATCRegionsViewController.m in Sources */ = {isa = PBXBuildFile; fileRef = 823D3B3819F86F210018947A /* ATCRegionsViewController.m */; };
		82A9629F19F0AFF3009CAB7A /* ATCMapViewController.m in Sources */ = {isa = PBXBuildFile; fileRef = 82A9629E19F0AFF3009CAB7A /* ATCMapViewController.m */; };
		82A962A019F0AFF3009CAB7A /* ATCMapViewController.m in Sources */ = {isa = PBXBuildFile; fileRef = 82A9629E19F0AFF3009CAB7A /* ATCMapViewController.m */; };
		82C804341A050FD8004E7294 /* ATCStationViewController.m in Sources */ = {isa = PBXBuildFile; fileRef = 82C804331A050FD8004E7294 /* ATCStationViewController.m */; };
		82C804351A050FD8004E7294 /* ATCStationViewController.m in Sources */ = {isa = PBXBuildFile; fileRef = 82C804331A050FD8004E7294 /* ATCStationViewController.m */; };
		82C804381A05105D004E7294 /* ATCHospitalRoomViewController.m in Sources */ = {isa = PBXBuildFile; fileRef = 82C804371A05105D004E7294 /* ATCHospitalRoomViewController.m */; };
		82C804391A05105D004E7294 /* ATCHospitalRoomViewController.m in Sources */ = {isa = PBXBuildFile; fileRef = 82C804371A05105D004E7294 /* ATCHospitalRoomViewController.m */; };
		82C8043C1A071FFA004E7294 /* bedside_icon.png in Resources */ = {isa = PBXBuildFile; fileRef = 82C8043A1A071FFA004E7294 /* bedside_icon.png */; };
		82C8043D1A071FFA004E7294 /* bedside_icon.png in Resources */ = {isa = PBXBuildFile; fileRef = 82C8043A1A071FFA004E7294 /* bedside_icon.png */; };
		82C8043E1A071FFA004E7294 /* bedside_icon@2x.png in Resources */ = {isa = PBXBuildFile; fileRef = 82C8043B1A071FFA004E7294 /* bedside_icon@2x.png */; };
		82C8043F1A071FFA004E7294 /* bedside_icon@2x.png in Resources */ = {isa = PBXBuildFile; fileRef = 82C8043B1A071FFA004E7294 /* bedside_icon@2x.png */; };
		82C804421A0720F3004E7294 /* sink_icon.png in Resources */ = {isa = PBXBuildFile; fileRef = 82C804401A0720F3004E7294 /* sink_icon.png */; };
		82C804431A0720F3004E7294 /* sink_icon.png in Resources */ = {isa = PBXBuildFile; fileRef = 82C804401A0720F3004E7294 /* sink_icon.png */; };
		82C804441A0720F3004E7294 /* sink_icon@2x.png in Resources */ = {isa = PBXBuildFile; fileRef = 82C804411A0720F3004E7294 /* sink_icon@2x.png */; };
		82C804451A0720F3004E7294 /* sink_icon@2x.png in Resources */ = {isa = PBXBuildFile; fileRef = 82C804411A0720F3004E7294 /* sink_icon@2x.png */; };
		82C804481A0724E5004E7294 /* patient.png in Resources */ = {isa = PBXBuildFile; fileRef = 82C804461A0724E5004E7294 /* patient.png */; };
		82C804491A0724E5004E7294 /* patient.png in Resources */ = {isa = PBXBuildFile; fileRef = 82C804461A0724E5004E7294 /* patient.png */; };
		82C8044A1A0724E5004E7294 /* patient@2x.png in Resources */ = {isa = PBXBuildFile; fileRef = 82C804471A0724E5004E7294 /* patient@2x.png */; };
		82C8044B1A0724E5004E7294 /* patient@2x.png in Resources */ = {isa = PBXBuildFile; fileRef = 82C804471A0724E5004E7294 /* patient@2x.png */; };
/* End PBXBuildFile section */

/* Begin PBXContainerItemProxy section */
		4F6528E81988123B00030100 /* PBXContainerItemProxy */ = {
			isa = PBXContainerItemProxy;
			containerPortal = 4F6528BA1988123B00030100 /* Project object */;
			proxyType = 1;
			remoteGlobalIDString = 4F6528C11988123B00030100;
			remoteInfo = UWFNursing;
		};
/* End PBXContainerItemProxy section */

/* Begin PBXFileReference section */
		4F10D00F1A08084E00512266 /* Protocols.h */ = {isa = PBXFileReference; fileEncoding = 4; lastKnownFileType = sourcecode.c.h; path = Protocols.h; sourceTree = "<group>"; };
		4F1AA61419DB3DBA00825E6A /* ATCBeaconContentManager.h */ = {isa = PBXFileReference; fileEncoding = 4; lastKnownFileType = sourcecode.c.h; path = ATCBeaconContentManager.h; sourceTree = "<group>"; };
		4F35538419E585E300F48092 /* Girls.pdf */ = {isa = PBXFileReference; lastKnownFileType = image.pdf; path = Girls.pdf; sourceTree = "<group>"; };
		4F35538619E599B700F48092 /* ATCNetworkTest.h */ = {isa = PBXFileReference; fileEncoding = 4; lastKnownFileType = sourcecode.c.h; name = ATCNetworkTest.h; path = Tests/ATCNetworkTest.h; sourceTree = "<group>"; };
		4F35538719E599B700F48092 /* ATCNetworkTest.m */ = {isa = PBXFileReference; fileEncoding = 4; lastKnownFileType = sourcecode.c.objc; name = ATCNetworkTest.m; path = Tests/ATCNetworkTest.m; sourceTree = "<group>"; };
		4F35538A19E6E1C400F48092 /* ATCState.h */ = {isa = PBXFileReference; fileEncoding = 4; lastKnownFileType = sourcecode.c.h; path = ATCState.h; sourceTree = "<group>"; };
		4F35538B19E6E1C400F48092 /* ATCState.m */ = {isa = PBXFileReference; fileEncoding = 4; lastKnownFileType = sourcecode.c.objc; path = ATCState.m; sourceTree = "<group>"; };
		4F35538F19E6EED500F48092 /* ATCPrimaryNurseChoice.h */ = {isa = PBXFileReference; fileEncoding = 4; lastKnownFileType = sourcecode.c.h; name = ATCPrimaryNurseChoice.h; path = ViewControllers/ATCPrimaryNurseChoice.h; sourceTree = "<group>"; };
		4F35539019E6EED500F48092 /* ATCPrimaryNurseChoice.m */ = {isa = PBXFileReference; fileEncoding = 4; lastKnownFileType = sourcecode.c.objc; name = ATCPrimaryNurseChoice.m; path = ViewControllers/ATCPrimaryNurseChoice.m; sourceTree = "<group>"; };
		4F35539319EC777A00F48092 /* ATCWarningViewController.h */ = {isa = PBXFileReference; fileEncoding = 4; lastKnownFileType = sourcecode.c.h; name = ATCWarningViewController.h; path = ViewControllers/ATCWarningViewController.h; sourceTree = "<group>"; };
		4F35539419EC777B00F48092 /* ATCWarningViewController.m */ = {isa = PBXFileReference; fileEncoding = 4; lastKnownFileType = sourcecode.c.objc; name = ATCWarningViewController.m; path = ViewControllers/ATCWarningViewController.m; sourceTree = "<group>"; };
		4F3553AA19EEB37700F48092 /* ATCBeaconNetworkUtilities.h */ = {isa = PBXFileReference; fileEncoding = 4; lastKnownFileType = sourcecode.c.h; path = ATCBeaconNetworkUtilities.h; sourceTree = "<group>"; };
		4F3553AB19EEB37700F48092 /* ATCBeaconNetworkUtilities.m */ = {isa = PBXFileReference; fileEncoding = 4; lastKnownFileType = sourcecode.c.objc; path = ATCBeaconNetworkUtilities.m; sourceTree = "<group>"; };
		4F3553B119EED63200F48092 /* JMCBeaconManager.h */ = {isa = PBXFileReference; fileEncoding = 4; lastKnownFileType = sourcecode.c.h; path = JMCBeaconManager.h; sourceTree = "<group>"; };
		4F3553B219EED63200F48092 /* JMCBeaconManager.m */ = {isa = PBXFileReference; fileEncoding = 4; lastKnownFileType = sourcecode.c.objc; path = JMCBeaconManager.m; sourceTree = "<group>"; };
		4F5B295519951DC80055E462 /* ATCLogViewController.h */ = {isa = PBXFileReference; fileEncoding = 4; lastKnownFileType = sourcecode.c.h; path = ATCLogViewController.h; sourceTree = "<group>"; };
		4F5B295619951DC80055E462 /* ATCLogViewController.m */ = {isa = PBXFileReference; fileEncoding = 4; lastKnownFileType = sourcecode.c.objc; path = ATCLogViewController.m; sourceTree = "<group>"; };
		4F6528C21988123B00030100 /* UWFNursing.app */ = {isa = PBXFileReference; explicitFileType = wrapper.application; includeInIndex = 0; path = UWFNursing.app; sourceTree = BUILT_PRODUCTS_DIR; };
		4F6528C51988123B00030100 /* Foundation.framework */ = {isa = PBXFileReference; lastKnownFileType = wrapper.framework; name = Foundation.framework; path = System/Library/Frameworks/Foundation.framework; sourceTree = SDKROOT; };
		4F6528C71988123B00030100 /* CoreGraphics.framework */ = {isa = PBXFileReference; lastKnownFileType = wrapper.framework; name = CoreGraphics.framework; path = System/Library/Frameworks/CoreGraphics.framework; sourceTree = SDKROOT; };
		4F6528C91988123B00030100 /* UIKit.framework */ = {isa = PBXFileReference; lastKnownFileType = wrapper.framework; name = UIKit.framework; path = System/Library/Frameworks/UIKit.framework; sourceTree = SDKROOT; };
		4F6528CD1988123B00030100 /* UWFNursing-Info.plist */ = {isa = PBXFileReference; lastKnownFileType = text.plist.xml; path = "UWFNursing-Info.plist"; sourceTree = "<group>"; };
		4F6528CF1988123B00030100 /* en */ = {isa = PBXFileReference; lastKnownFileType = text.plist.strings; name = en; path = en.lproj/InfoPlist.strings; sourceTree = "<group>"; };
		4F6528D11988123B00030100 /* main.m */ = {isa = PBXFileReference; lastKnownFileType = sourcecode.c.objc; path = main.m; sourceTree = "<group>"; };
		4F6528D31988123B00030100 /* UWFNursing-Prefix.pch */ = {isa = PBXFileReference; lastKnownFileType = sourcecode.c.h; path = "UWFNursing-Prefix.pch"; sourceTree = "<group>"; };
		4F6528D41988123B00030100 /* ATCAppDelegate.h */ = {isa = PBXFileReference; lastKnownFileType = sourcecode.c.h; path = ATCAppDelegate.h; sourceTree = "<group>"; };
		4F6528D51988123B00030100 /* ATCAppDelegate.m */ = {isa = PBXFileReference; lastKnownFileType = sourcecode.c.objc; path = ATCAppDelegate.m; sourceTree = "<group>"; };
		4F6528D81988123B00030100 /* Base */ = {isa = PBXFileReference; lastKnownFileType = file.storyboard; name = Base; path = Base.lproj/Main.storyboard; sourceTree = "<group>"; };
		4F6528DA1988123B00030100 /* ATCStationsViewController.h */ = {isa = PBXFileReference; lastKnownFileType = sourcecode.c.h; path = ATCStationsViewController.h; sourceTree = "<group>"; };
		4F6528DB1988123B00030100 /* ATCStationsViewController.m */ = {isa = PBXFileReference; lastKnownFileType = sourcecode.c.objc; path = ATCStationsViewController.m; sourceTree = "<group>"; };
		4F6528DD1988123B00030100 /* Images.xcassets */ = {isa = PBXFileReference; lastKnownFileType = folder.assetcatalog; path = Images.xcassets; sourceTree = "<group>"; };
		4F6528E31988123B00030100 /* UWFNursingTests.xctest */ = {isa = PBXFileReference; explicitFileType = wrapper.cfbundle; includeInIndex = 0; path = UWFNursingTests.xctest; sourceTree = BUILT_PRODUCTS_DIR; };
		4F6528E41988123B00030100 /* XCTest.framework */ = {isa = PBXFileReference; lastKnownFileType = wrapper.framework; name = XCTest.framework; path = Library/Frameworks/XCTest.framework; sourceTree = DEVELOPER_DIR; };
		4F6528EC1988123B00030100 /* UWFNursingTests-Info.plist */ = {isa = PBXFileReference; lastKnownFileType = text.plist.xml; path = "UWFNursingTests-Info.plist"; sourceTree = "<group>"; };
		4F6528EE1988123B00030100 /* en */ = {isa = PBXFileReference; lastKnownFileType = text.plist.strings; name = en; path = en.lproj/InfoPlist.strings; sourceTree = "<group>"; };
		4F6528F01988123B00030100 /* UWFNursingTests.m */ = {isa = PBXFileReference; lastKnownFileType = sourcecode.c.objc; path = UWFNursingTests.m; sourceTree = "<group>"; };
		4F6528FB1988167F00030100 /* Juniorsimapp1.pdf */ = {isa = PBXFileReference; lastKnownFileType = image.pdf; path = Juniorsimapp1.pdf; sourceTree = "<group>"; };
		4F6528FC1988167F00030100 /* Juniorsimapp2.pdf */ = {isa = PBXFileReference; lastKnownFileType = image.pdf; path = Juniorsimapp2.pdf; sourceTree = "<group>"; };
		4F6528FD1988167F00030100 /* Juniorsimapp3.pdf */ = {isa = PBXFileReference; lastKnownFileType = image.pdf; path = Juniorsimapp3.pdf; sourceTree = "<group>"; };
		4F6528FE1988167F00030100 /* Juniorsimapp4.pdf */ = {isa = PBXFileReference; lastKnownFileType = image.pdf; path = Juniorsimapp4.pdf; sourceTree = "<group>"; };
		4F65290B1988171200030100 /* ATCDocumentsViewController.h */ = {isa = PBXFileReference; fileEncoding = 4; lastKnownFileType = sourcecode.c.h; name = ATCDocumentsViewController.h; path = ViewControllers/ATCDocumentsViewController.h; sourceTree = "<group>"; };
		4F65290C1988171200030100 /* ATCDocumentsViewController.m */ = {isa = PBXFileReference; fileEncoding = 4; lastKnownFileType = sourcecode.c.objc; name = ATCDocumentsViewController.m; path = ViewControllers/ATCDocumentsViewController.m; sourceTree = "<group>"; };
		4F65290E1988174500030100 /* DataSource.h */ = {isa = PBXFileReference; fileEncoding = 4; lastKnownFileType = sourcecode.c.h; path = DataSource.h; sourceTree = "<group>"; };
		4F65290F1988174500030100 /* DataSource.m */ = {isa = PBXFileReference; fileEncoding = 4; lastKnownFileType = sourcecode.c.objc; path = DataSource.m; sourceTree = "<group>"; };
		4F6529111988212A00030100 /* OB POSTPARTUM ASSESSMENT.pdf */ = {isa = PBXFileReference; lastKnownFileType = image.pdf; path = "OB POSTPARTUM ASSESSMENT.pdf"; sourceTree = "<group>"; };
		4F6529121988212A00030100 /* OB PPD.pdf */ = {isa = PBXFileReference; lastKnownFileType = image.pdf; path = "OB PPD.pdf"; sourceTree = "<group>"; };
		4F6529131988212A00030100 /* PEDS ASTHMA.pdf */ = {isa = PBXFileReference; lastKnownFileType = image.pdf; path = "PEDS ASTHMA.pdf"; sourceTree = "<group>"; };
		4F6529141988212A00030100 /* PEDS G & D.pdf */ = {isa = PBXFileReference; lastKnownFileType = image.pdf; path = "PEDS G & D.pdf"; sourceTree = "<group>"; };
		4F65291A1988219300030100 /* ATCDetailsWebViewController.h */ = {isa = PBXFileReference; fileEncoding = 4; lastKnownFileType = sourcecode.c.h; path = ATCDetailsWebViewController.h; sourceTree = "<group>"; };
		4F65291B1988219300030100 /* ATCDetailsWebViewController.m */ = {isa = PBXFileReference; fileEncoding = 4; lastKnownFileType = sourcecode.c.objc; path = ATCDetailsWebViewController.m; sourceTree = "<group>"; };
		4F65291E19882C6500030100 /* igViewController.h */ = {isa = PBXFileReference; fileEncoding = 4; lastKnownFileType = sourcecode.c.h; path = igViewController.h; sourceTree = "<group>"; };
		4F65291F19882C6500030100 /* igViewController.m */ = {isa = PBXFileReference; fileEncoding = 4; lastKnownFileType = sourcecode.c.objc; path = igViewController.m; sourceTree = "<group>"; };
		4F6C86471A03EE5B0093E72C /* ATCBedStationViewController.h */ = {isa = PBXFileReference; fileEncoding = 4; lastKnownFileType = sourcecode.c.h; name = ATCBedStationViewController.h; path = StationsVC/ATCBedStationViewController.h; sourceTree = "<group>"; };
		4F6C86481A03EE5B0093E72C /* ATCBedStationViewController.m */ = {isa = PBXFileReference; fileEncoding = 4; lastKnownFileType = sourcecode.c.objc; name = ATCBedStationViewController.m; path = StationsVC/ATCBedStationViewController.m; sourceTree = "<group>"; };
		4F6C864B1A040FDC0093E72C /* ATCPatientViewController.h */ = {isa = PBXFileReference; fileEncoding = 4; lastKnownFileType = sourcecode.c.h; path = ATCPatientViewController.h; sourceTree = "<group>"; };
		4F6C864C1A040FDC0093E72C /* ATCPatientViewController.m */ = {isa = PBXFileReference; fileEncoding = 4; lastKnownFileType = sourcecode.c.objc; path = ATCPatientViewController.m; sourceTree = "<group>"; };
		4F73F64D19FFFAB500B25D7C /* map.png */ = {isa = PBXFileReference; lastKnownFileType = image.png; path = map.png; sourceTree = "<group>"; };
		4F73F64E19FFFAB500B25D7C /* map@2x.png */ = {isa = PBXFileReference; lastKnownFileType = image.png; path = "map@2x.png"; sourceTree = "<group>"; };
		4F73F65119FFFC4500B25D7C /* justify.png */ = {isa = PBXFileReference; lastKnownFileType = image.png; path = justify.png; sourceTree = "<group>"; };
		4F73F65219FFFC4500B25D7C /* justify@2x.png */ = {isa = PBXFileReference; lastKnownFileType = image.png; path = "justify@2x.png"; sourceTree = "<group>"; };
		4F85E61419C77ECA008B4D1C /* low_power.wav */ = {isa = PBXFileReference; lastKnownFileType = audio.wav; path = low_power.wav; sourceTree = "<group>"; };
		4F85E61619C785AB008B4D1C /* wash-hands-no-germs.jpg */ = {isa = PBXFileReference; lastKnownFileType = image.jpeg; path = "wash-hands-no-germs.jpg"; sourceTree = "<group>"; };
		4F85E61819C786C6008B4D1C /* Utilities.h */ = {isa = PBXFileReference; fileEncoding = 4; lastKnownFileType = sourcecode.c.h; path = Utilities.h; sourceTree = "<group>"; };
		4F85E61919C786C6008B4D1C /* Utilities.m */ = {isa = PBXFileReference; fileEncoding = 4; lastKnownFileType = sourcecode.c.objc; path = Utilities.m; sourceTree = "<group>"; };
		4F85E61B19C78AF1008B4D1C /* ATCWashingHandsStationViewController.h */ = {isa = PBXFileReference; fileEncoding = 4; lastKnownFileType = sourcecode.c.h; name = ATCWashingHandsStationViewController.h; path = ViewControllers/ATCWashingHandsStationViewController.h; sourceTree = "<group>"; };
		4F85E61C19C78AF1008B4D1C /* ATCWashingHandsStationViewController.m */ = {isa = PBXFileReference; fileEncoding = 4; lastKnownFileType = sourcecode.c.objc; name = ATCWashingHandsStationViewController.m; path = ViewControllers/ATCWashingHandsStationViewController.m; sourceTree = "<group>"; };
		4F98B65319DC3F8D002624AA /* caution.png */ = {isa = PBXFileReference; lastKnownFileType = image.png; path = caution.png; sourceTree = "<group>"; };
		4F98B65419DC3F8D002624AA /* caution@2x.png */ = {isa = PBXFileReference; lastKnownFileType = image.png; path = "caution@2x.png"; sourceTree = "<group>"; };
		4F9CB51619F1C0C3006DA3FC /* bedside.png */ = {isa = PBXFileReference; lastKnownFileType = image.png; path = bedside.png; sourceTree = "<group>"; };
		4F9CB51719F1C0C3006DA3FC /* briefing_room.png */ = {isa = PBXFileReference; lastKnownFileType = image.png; path = briefing_room.png; sourceTree = "<group>"; };
		4F9CB51819F1C0C3006DA3FC /* simlab.png */ = {isa = PBXFileReference; lastKnownFileType = image.png; path = simlab.png; sourceTree = "<group>"; };
		4F9CB51919F1C0C3006DA3FC /* sink.png */ = {isa = PBXFileReference; lastKnownFileType = image.png; path = sink.png; sourceTree = "<group>"; };
		4FD3DC8D19D9D95B00E8A759 /* ATCAuthenticateViewController.h */ = {isa = PBXFileReference; fileEncoding = 4; lastKnownFileType = sourcecode.c.h; name = ATCAuthenticateViewController.h; path = ViewControllers/ATCAuthenticateViewController.h; sourceTree = "<group>"; };
		4FD3DC8E19D9D95B00E8A759 /* ATCAuthenticateViewController.m */ = {isa = PBXFileReference; fileEncoding = 4; lastKnownFileType = sourcecode.c.objc; name = ATCAuthenticateViewController.m; path = ViewControllers/ATCAuthenticateViewController.m; sourceTree = "<group>"; };
		4FD3DC9119D9E06100E8A759 /* sampleLogo.png */ = {isa = PBXFileReference; lastKnownFileType = image.png; path = sampleLogo.png; sourceTree = "<group>"; };
		4FD3DC9419D9FACE00E8A759 /* documents.png */ = {isa = PBXFileReference; lastKnownFileType = image.png; path = documents.png; sourceTree = "<group>"; };
		4FD3DC9B19D9FB3900E8A759 /* help.png */ = {isa = PBXFileReference; lastKnownFileType = image.png; path = help.png; sourceTree = "<group>"; };
		4FD3DC9E19D9FBC700E8A759 /* padlock.png */ = {isa = PBXFileReference; lastKnownFileType = image.png; path = padlock.png; sourceTree = "<group>"; };
		4FD3DCA119D9FD5400E8A759 /* scan.png */ = {isa = PBXFileReference; lastKnownFileType = image.png; path = scan.png; sourceTree = "<group>"; };
		4FD3DCA419D9FE1800E8A759 /* debugging.png */ = {isa = PBXFileReference; lastKnownFileType = image.png; path = debugging.png; sourceTree = "<group>"; };
		4FD3DCA719D9FE6000E8A759 /* unlock.png */ = {isa = PBXFileReference; lastKnownFileType = image.png; path = unlock.png; sourceTree = "<group>"; };
		4FD3DCAA19DA016800E8A759 /* debugging@2x.png */ = {isa = PBXFileReference; lastKnownFileType = image.png; path = "debugging@2x.png"; sourceTree = "<group>"; };
		4FD3DCAD19DA01D500E8A759 /* documents@2x.png */ = {isa = PBXFileReference; lastKnownFileType = image.png; path = "documents@2x.png"; sourceTree = "<group>"; };
		4FD3DCAE19DA01D500E8A759 /* help@2x.png */ = {isa = PBXFileReference; lastKnownFileType = image.png; path = "help@2x.png"; sourceTree = "<group>"; };
		4FD3DCAF19DA01D500E8A759 /* padlock@2x.png */ = {isa = PBXFileReference; lastKnownFileType = image.png; path = "padlock@2x.png"; sourceTree = "<group>"; };
		4FD3DCB619DA01DC00E8A759 /* scan@2x.png */ = {isa = PBXFileReference; lastKnownFileType = image.png; path = "scan@2x.png"; sourceTree = "<group>"; };
		4FD3DCB919DA028400E8A759 /* clear.png */ = {isa = PBXFileReference; lastKnownFileType = image.png; path = clear.png; sourceTree = "<group>"; };
		4FD3DCBA19DA028400E8A759 /* clear@2x.png */ = {isa = PBXFileReference; lastKnownFileType = image.png; path = "clear@2x.png"; sourceTree = "<group>"; };
		4FD3DCC019DB008700E8A759 /* ATCBeacon.h */ = {isa = PBXFileReference; fileEncoding = 4; lastKnownFileType = sourcecode.c.h; path = ATCBeacon.h; sourceTree = "<group>"; };
		4FD3DCC119DB008700E8A759 /* ATCBeacon.m */ = {isa = PBXFileReference; fileEncoding = 4; lastKnownFileType = sourcecode.c.objc; path = ATCBeacon.m; sourceTree = "<group>"; };
		4FD3DCC319DB00E400E8A759 /* ATCPatientCell.h */ = {isa = PBXFileReference; fileEncoding = 4; lastKnownFileType = sourcecode.c.h; path = ATCPatientCell.h; sourceTree = "<group>"; };
		4FD3DCC419DB00E500E8A759 /* ATCPatientCell.m */ = {isa = PBXFileReference; fileEncoding = 4; lastKnownFileType = sourcecode.c.objc; path = ATCPatientCell.m; sourceTree = "<group>"; };
		4FD3DCC619DB01B600E8A759 /* ATCStation.h */ = {isa = PBXFileReference; fileEncoding = 4; lastKnownFileType = sourcecode.c.h; path = ATCStation.h; sourceTree = "<group>"; };
		4FD3DCC719DB01B600E8A759 /* ATCStation.m */ = {isa = PBXFileReference; fileEncoding = 4; lastKnownFileType = sourcecode.c.objc; path = ATCStation.m; sourceTree = "<group>"; };
		4FD3DCC919DB03C800E8A759 /* female_patient.png */ = {isa = PBXFileReference; lastKnownFileType = image.png; path = female_patient.png; sourceTree = "<group>"; };
		4FD3DCCB19DB043B00E8A759 /* female_patient@2x.png */ = {isa = PBXFileReference; lastKnownFileType = image.png; path = "female_patient@2x.png"; sourceTree = "<group>"; };
		4FD3DCD219DB0D6900E8A759 /* Localizable.strings */ = {isa = PBXFileReference; fileEncoding = 4; lastKnownFileType = text.plist.strings; path = Localizable.strings; sourceTree = "<group>"; };
		4FD3DCD419DB110600E8A759 /* ATCBeaconContentManager.m */ = {isa = PBXFileReference; fileEncoding = 4; lastKnownFileType = sourcecode.c.objc; name = ATCBeaconContentManager.m; path = Logic/ATCBeaconContentManager.m; sourceTree = "<group>"; };
		4FD3DCD719DB2C5100E8A759 /* ATCPatient.m */ = {isa = PBXFileReference; fileEncoding = 4; lastKnownFileType = sourcecode.c.objc; name = ATCPatient.m; path = Logic/ATCPatient.m; sourceTree = "<group>"; };
		4FD3DCDB19DB3A8400E8A759 /* ATCPatient.h */ = {isa = PBXFileReference; fileEncoding = 4; lastKnownFileType = sourcecode.c.h; name = ATCPatient.h; path = Logic/ATCPatient.h; sourceTree = "<group>"; };
		823D3B3419F8399F0018947A /* ATCNavigationViewController.h */ = {isa = PBXFileReference; fileEncoding = 4; lastKnownFileType = sourcecode.c.h; path = ATCNavigationViewController.h; sourceTree = "<group>"; };
		823D3B3519F8399F0018947A /* ATCNavigationViewController.m */ = {isa = PBXFileReference; fileEncoding = 4; lastKnownFileType = sourcecode.c.objc; path = ATCNavigationViewController.m; sourceTree = "<group>"; };
		823D3B3719F86F210018947A /* ATCRegionsViewController.h */ = {isa = PBXFileReference; fileEncoding = 4; lastKnownFileType = sourcecode.c.h; name = ATCRegionsViewController.h; path = ViewControllers/ATCRegionsViewController.h; sourceTree = "<group>"; };
		823D3B3819F86F210018947A /* ATCRegionsViewController.m */ = {isa = PBXFileReference; fileEncoding = 4; lastKnownFileType = sourcecode.c.objc; name = ATCRegionsViewController.m; path = ViewControllers/ATCRegionsViewController.m; sourceTree = "<group>"; };
		82A9629D19F0AFF3009CAB7A /* ATCMapViewController.h */ = {isa = PBXFileReference; fileEncoding = 4; lastKnownFileType = sourcecode.c.h; path = ATCMapViewController.h; sourceTree = "<group>"; };
		82A9629E19F0AFF3009CAB7A /* ATCMapViewController.m */ = {isa = PBXFileReference; fileEncoding = 4; lastKnownFileType = sourcecode.c.objc; path = ATCMapViewController.m; sourceTree = "<group>"; };
		82C804321A050FD8004E7294 /* ATCStationViewController.h */ = {isa = PBXFileReference; fileEncoding = 4; lastKnownFileType = sourcecode.c.h; name = ATCStationViewController.h; path = StationsVC/ATCStationViewController.h; sourceTree = "<group>"; };
		82C804331A050FD8004E7294 /* ATCStationViewController.m */ = {isa = PBXFileReference; fileEncoding = 4; lastKnownFileType = sourcecode.c.objc; name = ATCStationViewController.m; path = StationsVC/ATCStationViewController.m; sourceTree = "<group>"; };
		82C804361A05105D004E7294 /* ATCHospitalRoomViewController.h */ = {isa = PBXFileReference; fileEncoding = 4; lastKnownFileType = sourcecode.c.h; path = ATCHospitalRoomViewController.h; sourceTree = "<group>"; };
		82C804371A05105D004E7294 /* ATCHospitalRoomViewController.m */ = {isa = PBXFileReference; fileEncoding = 4; lastKnownFileType = sourcecode.c.objc; path = ATCHospitalRoomViewController.m; sourceTree = "<group>"; };
		82C8043A1A071FFA004E7294 /* bedside_icon.png */ = {isa = PBXFileReference; lastKnownFileType = image.png; path = bedside_icon.png; sourceTree = "<group>"; };
		82C8043B1A071FFA004E7294 /* bedside_icon@2x.png */ = {isa = PBXFileReference; lastKnownFileType = image.png; path = "bedside_icon@2x.png"; sourceTree = "<group>"; };
		82C804401A0720F3004E7294 /* sink_icon.png */ = {isa = PBXFileReference; lastKnownFileType = image.png; path = sink_icon.png; sourceTree = "<group>"; };
		82C804411A0720F3004E7294 /* sink_icon@2x.png */ = {isa = PBXFileReference; lastKnownFileType = image.png; path = "sink_icon@2x.png"; sourceTree = "<group>"; };
		82C804461A0724E5004E7294 /* patient.png */ = {isa = PBXFileReference; lastKnownFileType = image.png; path = patient.png; sourceTree = "<group>"; };
		82C804471A0724E5004E7294 /* patient@2x.png */ = {isa = PBXFileReference; lastKnownFileType = image.png; path = "patient@2x.png"; sourceTree = "<group>"; };
/* End PBXFileReference section */

/* Begin PBXFrameworksBuildPhase section */
		4F6528BF1988123B00030100 /* Frameworks */ = {
			isa = PBXFrameworksBuildPhase;
			buildActionMask = 2147483647;
			files = (
				4F6528C81988123B00030100 /* CoreGraphics.framework in Frameworks */,
				4F6528CA1988123B00030100 /* UIKit.framework in Frameworks */,
				4F6528C61988123B00030100 /* Foundation.framework in Frameworks */,
			);
			runOnlyForDeploymentPostprocessing = 0;
		};
		4F6528E01988123B00030100 /* Frameworks */ = {
			isa = PBXFrameworksBuildPhase;
			buildActionMask = 2147483647;
			files = (
				4F6528E51988123B00030100 /* XCTest.framework in Frameworks */,
				4F6528E71988123B00030100 /* UIKit.framework in Frameworks */,
				4F6528E61988123B00030100 /* Foundation.framework in Frameworks */,
			);
			runOnlyForDeploymentPostprocessing = 0;
		};
/* End PBXFrameworksBuildPhase section */

/* Begin PBXGroup section */
		4F35538E19E6EEAD00F48092 /* Primary Nurse Choice View Controller */ = {
			isa = PBXGroup;
			children = (
				4F35538F19E6EED500F48092 /* ATCPrimaryNurseChoice.h */,
				4F35539019E6EED500F48092 /* ATCPrimaryNurseChoice.m */,
			);
			name = "Primary Nurse Choice View Controller";
			sourceTree = "<group>";
		};
		4F6528B91988123B00030100 = {
			isa = PBXGroup;
			children = (
				4FB575EC198AB02700B4DE63 /* Helpers */,
				4FD3DC9719D9FAD400E8A759 /* Resources */,
				4F6528CB1988123B00030100 /* UWFNursing */,
				4F6528EA1988123B00030100 /* UWFNursingTests */,
				4F6528C41988123B00030100 /* Frameworks */,
				4F6528C31988123B00030100 /* Products */,
				4F6528FA1988167F00030100 /* Documents Simulation */,
			);
			sourceTree = "<group>";
		};
		4F6528C31988123B00030100 /* Products */ = {
			isa = PBXGroup;
			children = (
				4F6528C21988123B00030100 /* UWFNursing.app */,
				4F6528E31988123B00030100 /* UWFNursingTests.xctest */,
			);
			name = Products;
			sourceTree = "<group>";
		};
		4F6528C41988123B00030100 /* Frameworks */ = {
			isa = PBXGroup;
			children = (
				4F6528C51988123B00030100 /* Foundation.framework */,
				4F6528C71988123B00030100 /* CoreGraphics.framework */,
				4F6528C91988123B00030100 /* UIKit.framework */,
				4F6528E41988123B00030100 /* XCTest.framework */,
			);
			name = Frameworks;
			sourceTree = "<group>";
		};
		4F6528CB1988123B00030100 /* UWFNursing */ = {
			isa = PBXGroup;
			children = (
				4F6528D41988123B00030100 /* ATCAppDelegate.h */,
				4F6528D51988123B00030100 /* ATCAppDelegate.m */,
				4F35538619E599B700F48092 /* ATCNetworkTest.h */,
				4F35538719E599B700F48092 /* ATCNetworkTest.m */,
				4F6528D71988123B00030100 /* Main.storyboard */,
				4F65291D198821FA00030100 /* ViewControllers */,
				4F6529191988213300030100 /* Model */,
				4F6528DD1988123B00030100 /* Images.xcassets */,
				4F85E61619C785AB008B4D1C /* wash-hands-no-germs.jpg */,
				4F6528CC1988123B00030100 /* Supporting Files */,
			);
			path = UWFNursing;
			sourceTree = "<group>";
		};
		4F6528CC1988123B00030100 /* Supporting Files */ = {
			isa = PBXGroup;
			children = (
				4F6528CD1988123B00030100 /* UWFNursing-Info.plist */,
				4F6528CE1988123B00030100 /* InfoPlist.strings */,
				4FD3DCD219DB0D6900E8A759 /* Localizable.strings */,
				4F6528D11988123B00030100 /* main.m */,
				4F6528D31988123B00030100 /* UWFNursing-Prefix.pch */,
			);
			name = "Supporting Files";
			sourceTree = "<group>";
		};
		4F6528EA1988123B00030100 /* UWFNursingTests */ = {
			isa = PBXGroup;
			children = (
				4F6528F01988123B00030100 /* UWFNursingTests.m */,
				4F6528EB1988123B00030100 /* Supporting Files */,
			);
			path = UWFNursingTests;
			sourceTree = "<group>";
		};
		4F6528EB1988123B00030100 /* Supporting Files */ = {
			isa = PBXGroup;
			children = (
				4F6528EC1988123B00030100 /* UWFNursingTests-Info.plist */,
				4F6528ED1988123B00030100 /* InfoPlist.strings */,
			);
			name = "Supporting Files";
			sourceTree = "<group>";
		};
		4F6528FA1988167F00030100 /* Documents Simulation */ = {
			isa = PBXGroup;
			children = (
				4F35538419E585E300F48092 /* Girls.pdf */,
				4F6529111988212A00030100 /* OB POSTPARTUM ASSESSMENT.pdf */,
				4F6529121988212A00030100 /* OB PPD.pdf */,
				4F6529131988212A00030100 /* PEDS ASTHMA.pdf */,
				4F6529141988212A00030100 /* PEDS G & D.pdf */,
				4F6528FB1988167F00030100 /* Juniorsimapp1.pdf */,
				4F6528FC1988167F00030100 /* Juniorsimapp2.pdf */,
				4F6528FD1988167F00030100 /* Juniorsimapp3.pdf */,
				4F6528FE1988167F00030100 /* Juniorsimapp4.pdf */,
			);
			name = "Documents Simulation";
			path = simulation;
			sourceTree = "<group>";
		};
		4F6529191988213300030100 /* Model */ = {
			isa = PBXGroup;
			children = (
				4FD3DCC619DB01B600E8A759 /* ATCStation.h */,
				4FD3DCC719DB01B600E8A759 /* ATCStation.m */,
				4FD3DCC319DB00E400E8A759 /* ATCPatientCell.h */,
				4FD3DCC419DB00E500E8A759 /* ATCPatientCell.m */,
				4FD3DCC019DB008700E8A759 /* ATCBeacon.h */,
				4FD3DCC119DB008700E8A759 /* ATCBeacon.m */,
				4F65290E1988174500030100 /* DataSource.h */,
				4F65290F1988174500030100 /* DataSource.m */,
				4FD3DCD719DB2C5100E8A759 /* ATCPatient.m */,
				4FD3DCDB19DB3A8400E8A759 /* ATCPatient.h */,
			);
			name = Model;
			sourceTree = "<group>";
		};
		4F65291D198821FA00030100 /* ViewControllers */ = {
			isa = PBXGroup;
			children = (
				4F6C86461A03EDF50093E72C /* StationsVC */,
				4F35538E19E6EEAD00F48092 /* Primary Nurse Choice View Controller */,
				4FD3DCCD19DB074900E8A759 /* Debug Log */,
				4FD3DCCE19DB07D800E8A759 /* Authenticate */,
				4FD3DCD119DB08F500E8A759 /* Documents and web view */,
				4FD3DCBF19DAFDE100E8A759 /* Home View Controller */,
				4FD3DCCF19DB08C700E8A759 /* Scanner */,
				4FD3DCD019DB08E200E8A759 /* Washing Hands Station */,
				4F35539319EC777A00F48092 /* ATCWarningViewController.h */,
				4F35539419EC777B00F48092 /* ATCWarningViewController.m */,
				82A9629D19F0AFF3009CAB7A /* ATCMapViewController.h */,
				82A9629E19F0AFF3009CAB7A /* ATCMapViewController.m */,
				4F6C864F1A040FE30093E72C /* Patient View Controller */,
			);
			name = ViewControllers;
			sourceTree = "<group>";
		};
		4F6C86461A03EDF50093E72C /* StationsVC */ = {
			isa = PBXGroup;
			children = (
				4F6C86471A03EE5B0093E72C /* ATCBedStationViewController.h */,
				4F6C86481A03EE5B0093E72C /* ATCBedStationViewController.m */,
				82C804321A050FD8004E7294 /* ATCStationViewController.h */,
				82C804331A050FD8004E7294 /* ATCStationViewController.m */,
				82C804361A05105D004E7294 /* ATCHospitalRoomViewController.h */,
				82C804371A05105D004E7294 /* ATCHospitalRoomViewController.m */,
				4F6C864B1A040FDC0093E72C /* ATCPatientViewController.h */,
				4F6C864C1A040FDC0093E72C /* ATCPatientViewController.m */,
			);
			name = StationsVC;
			sourceTree = "<group>";
		};
		4F6C864F1A040FE30093E72C /* Patient View Controller */ = {
			isa = PBXGroup;
			children = (
			);
			name = "Patient View Controller";
			sourceTree = "<group>";
		};
		4FB575EC198AB02700B4DE63 /* Helpers */ = {
			isa = PBXGroup;
			children = (
				4F85E61819C786C6008B4D1C /* Utilities.h */,
				4F85E61919C786C6008B4D1C /* Utilities.m */,
				4F3553AA19EEB37700F48092 /* ATCBeaconNetworkUtilities.h */,
				4F3553AB19EEB37700F48092 /* ATCBeaconNetworkUtilities.m */,
				4F3553B119EED63200F48092 /* JMCBeaconManager.h */,
				4F3553B219EED63200F48092 /* JMCBeaconManager.m */,
				4FD3DCD419DB110600E8A759 /* ATCBeaconContentManager.m */,
				4F1AA61419DB3DBA00825E6A /* ATCBeaconContentManager.h */,
				4F35538A19E6E1C400F48092 /* ATCState.h */,
				4F10D00F1A08084E00512266 /* Protocols.h */,
				4F35538B19E6E1C400F48092 /* ATCState.m */,
				823D3B3419F8399F0018947A /* ATCNavigationViewController.h */,
				823D3B3519F8399F0018947A /* ATCNavigationViewController.m */,
				823D3B3719F86F210018947A /* ATCRegionsViewController.h */,
				823D3B3819F86F210018947A /* ATCRegionsViewController.m */,
			);
			name = Helpers;
			path = UWFNursing;
			sourceTree = "<group>";
		};
		4FD3DC9719D9FAD400E8A759 /* Resources */ = {
			isa = PBXGroup;
			children = (
				82C804461A0724E5004E7294 /* patient.png */,
				82C804471A0724E5004E7294 /* patient@2x.png */,
				82C804401A0720F3004E7294 /* sink_icon.png */,
				82C804411A0720F3004E7294 /* sink_icon@2x.png */,
				82C8043A1A071FFA004E7294 /* bedside_icon.png */,
				82C8043B1A071FFA004E7294 /* bedside_icon@2x.png */,
				4F73F65119FFFC4500B25D7C /* justify.png */,
				4F73F65219FFFC4500B25D7C /* justify@2x.png */,
				4F73F64D19FFFAB500B25D7C /* map.png */,
				4F73F64E19FFFAB500B25D7C /* map@2x.png */,
				4F9CB51619F1C0C3006DA3FC /* bedside.png */,
				4F9CB51719F1C0C3006DA3FC /* briefing_room.png */,
				4F9CB51819F1C0C3006DA3FC /* simlab.png */,
				4F9CB51919F1C0C3006DA3FC /* sink.png */,
				4FD3DC9B19D9FB3900E8A759 /* help.png */,
				4FD3DC9E19D9FBC700E8A759 /* padlock.png */,
				4FD3DC9419D9FACE00E8A759 /* documents.png */,
				4FD3DC9119D9E06100E8A759 /* sampleLogo.png */,
				4FD3DCA119D9FD5400E8A759 /* scan.png */,
				4FD3DCAA19DA016800E8A759 /* debugging@2x.png */,
				4FD3DCA419D9FE1800E8A759 /* debugging.png */,
				4F85E61419C77ECA008B4D1C /* low_power.wav */,
				4FD3DCAD19DA01D500E8A759 /* documents@2x.png */,
				4FD3DCAE19DA01D500E8A759 /* help@2x.png */,
				4FD3DCAF19DA01D500E8A759 /* padlock@2x.png */,
				4FD3DCB619DA01DC00E8A759 /* scan@2x.png */,
				4FD3DCA719D9FE6000E8A759 /* unlock.png */,
				4FD3DCB919DA028400E8A759 /* clear.png */,
				4FD3DCBA19DA028400E8A759 /* clear@2x.png */,
				4FD3DCCB19DB043B00E8A759 /* female_patient@2x.png */,
				4FD3DCC919DB03C800E8A759 /* female_patient.png */,
				4F98B65319DC3F8D002624AA /* caution.png */,
				4F98B65419DC3F8D002624AA /* caution@2x.png */,
			);
			name = Resources;
			path = UWFNursing;
			sourceTree = "<group>";
		};
		4FD3DCBF19DAFDE100E8A759 /* Home View Controller */ = {
			isa = PBXGroup;
			children = (
				4F6528DA1988123B00030100 /* ATCStationsViewController.h */,
				4F6528DB1988123B00030100 /* ATCStationsViewController.m */,
			);
			name = "Home View Controller";
			sourceTree = "<group>";
		};
		4FD3DCCD19DB074900E8A759 /* Debug Log */ = {
			isa = PBXGroup;
			children = (
				4F5B295519951DC80055E462 /* ATCLogViewController.h */,
				4F5B295619951DC80055E462 /* ATCLogViewController.m */,
			);
			name = "Debug Log";
			sourceTree = "<group>";
		};
		4FD3DCCE19DB07D800E8A759 /* Authenticate */ = {
			isa = PBXGroup;
			children = (
				4FD3DC8D19D9D95B00E8A759 /* ATCAuthenticateViewController.h */,
				4FD3DC8E19D9D95B00E8A759 /* ATCAuthenticateViewController.m */,
			);
			name = Authenticate;
			sourceTree = "<group>";
		};
		4FD3DCCF19DB08C700E8A759 /* Scanner */ = {
			isa = PBXGroup;
			children = (
				4F65291E19882C6500030100 /* igViewController.h */,
				4F65291F19882C6500030100 /* igViewController.m */,
			);
			name = Scanner;
			sourceTree = "<group>";
		};
		4FD3DCD019DB08E200E8A759 /* Washing Hands Station */ = {
			isa = PBXGroup;
			children = (
				4F85E61B19C78AF1008B4D1C /* ATCWashingHandsStationViewController.h */,
				4F85E61C19C78AF1008B4D1C /* ATCWashingHandsStationViewController.m */,
			);
			name = "Washing Hands Station";
			sourceTree = "<group>";
		};
		4FD3DCD119DB08F500E8A759 /* Documents and web view */ = {
			isa = PBXGroup;
			children = (
				4F65290B1988171200030100 /* ATCDocumentsViewController.h */,
				4F65290C1988171200030100 /* ATCDocumentsViewController.m */,
				4F65291A1988219300030100 /* ATCDetailsWebViewController.h */,
				4F65291B1988219300030100 /* ATCDetailsWebViewController.m */,
			);
			name = "Documents and web view";
			sourceTree = "<group>";
		};
/* End PBXGroup section */

/* Begin PBXNativeTarget section */
		4F6528C11988123B00030100 /* UWFNursing */ = {
			isa = PBXNativeTarget;
			buildConfigurationList = 4F6528F41988123B00030100 /* Build configuration list for PBXNativeTarget "UWFNursing" */;
			buildPhases = (
				4F6528BE1988123B00030100 /* Sources */,
				4F6528BF1988123B00030100 /* Frameworks */,
				4F6528C01988123B00030100 /* Resources */,
			);
			buildRules = (
			);
			dependencies = (
			);
			name = UWFNursing;
			productName = UWFNursing;
			productReference = 4F6528C21988123B00030100 /* UWFNursing.app */;
			productType = "com.apple.product-type.application";
		};
		4F6528E21988123B00030100 /* UWFNursingTests */ = {
			isa = PBXNativeTarget;
			buildConfigurationList = 4F6528F71988123B00030100 /* Build configuration list for PBXNativeTarget "UWFNursingTests" */;
			buildPhases = (
				4F6528DF1988123B00030100 /* Sources */,
				4F6528E01988123B00030100 /* Frameworks */,
				4F6528E11988123B00030100 /* Resources */,
			);
			buildRules = (
			);
			dependencies = (
				4F6528E91988123B00030100 /* PBXTargetDependency */,
			);
			name = UWFNursingTests;
			productName = UWFNursingTests;
			productReference = 4F6528E31988123B00030100 /* UWFNursingTests.xctest */;
			productType = "com.apple.product-type.bundle.unit-test";
		};
/* End PBXNativeTarget section */

/* Begin PBXProject section */
		4F6528BA1988123B00030100 /* Project object */ = {
			isa = PBXProject;
			attributes = {
				CLASSPREFIX = ATC;
				LastUpgradeCheck = 0510;
				ORGANIZATIONNAME = "Janusz Chudzynski";
				TargetAttributes = {
					4F6528C11988123B00030100 = {
						DevelopmentTeam = W23JT3HF49;
						SystemCapabilities = {
							com.apple.BackgroundModes = {
								enabled = 1;
							};
						};
					};
					4F6528E21988123B00030100 = {
						DevelopmentTeam = BZUY5AR8YB;
						TestTargetID = 4F6528C11988123B00030100;
					};
				};
			};
			buildConfigurationList = 4F6528BD1988123B00030100 /* Build configuration list for PBXProject "UWFNursing" */;
			compatibilityVersion = "Xcode 3.2";
			developmentRegion = English;
			hasScannedForEncodings = 0;
			knownRegions = (
				en,
				Base,
			);
			mainGroup = 4F6528B91988123B00030100;
			productRefGroup = 4F6528C31988123B00030100 /* Products */;
			projectDirPath = "";
			projectRoot = "";
			targets = (
				4F6528C11988123B00030100 /* UWFNursing */,
				4F6528E21988123B00030100 /* UWFNursingTests */,
			);
		};
/* End PBXProject section */

/* Begin PBXResourcesBuildPhase section */
		4F6528C01988123B00030100 /* Resources */ = {
			isa = PBXResourcesBuildPhase;
			buildActionMask = 2147483647;
			files = (
				4F9CB51B19F1C0C3006DA3FC /* briefing_room.png in Resources */,
				4F9CB51C19F1C0C3006DA3FC /* simlab.png in Resources */,
				4FD3DC9219D9E06100E8A759 /* sampleLogo.png in Resources */,
				4F6529061988167F00030100 /* Juniorsimapp4.pdf in Resources */,
				4FD3DCA219D9FD5400E8A759 /* scan.png in Resources */,
				4FD3DCCC19DB043B00E8A759 /* female_patient@2x.png in Resources */,
				4FD3DCBB19DA028400E8A759 /* clear.png in Resources */,
				82C8043C1A071FFA004E7294 /* bedside_icon.png in Resources */,
				4F6528DE1988123B00030100 /* Images.xcassets in Resources */,
				4F6529151988212A00030100 /* OB POSTPARTUM ASSESSMENT.pdf in Resources */,
				4FD3DCBD19DA028400E8A759 /* clear@2x.png in Resources */,
				4FD3DCB019DA01D500E8A759 /* documents@2x.png in Resources */,
				4FD3DCB719DA01DC00E8A759 /* scan@2x.png in Resources */,
				82C804421A0720F3004E7294 /* sink_icon.png in Resources */,
				4F73F65419FFFC4500B25D7C /* justify@2x.png in Resources */,
				4FD3DC9C19D9FB3900E8A759 /* help.png in Resources */,
				4FD3DC9F19D9FBC700E8A759 /* padlock.png in Resources */,
				4F6529041988167F00030100 /* Juniorsimapp2.pdf in Resources */,
				4FD3DC9519D9FACE00E8A759 /* documents.png in Resources */,
				4F6528D01988123B00030100 /* InfoPlist.strings in Resources */,
				4F6529171988212A00030100 /* PEDS ASTHMA.pdf in Resources */,
				4F98B65519DC3F8D002624AA /* caution.png in Resources */,
				4F35538519E585E300F48092 /* Girls.pdf in Resources */,
				4F9CB51D19F1C0C3006DA3FC /* sink.png in Resources */,
				4FD3DCCA19DB03C800E8A759 /* female_patient.png in Resources */,
				4F6529181988212A00030100 /* PEDS G & D.pdf in Resources */,
				4F9CB51A19F1C0C3006DA3FC /* bedside.png in Resources */,
				4F6528D91988123B00030100 /* Main.storyboard in Resources */,
				82C8043E1A071FFA004E7294 /* bedside_icon@2x.png in Resources */,
				4FD3DCAB19DA016800E8A759 /* debugging@2x.png in Resources */,
				4F6529031988167F00030100 /* Juniorsimapp1.pdf in Resources */,
				4F6529161988212A00030100 /* OB PPD.pdf in Resources */,
				4F73F65319FFFC4500B25D7C /* justify.png in Resources */,
				4F73F64F19FFFAB500B25D7C /* map.png in Resources */,
				4FD3DCB419DA01D500E8A759 /* padlock@2x.png in Resources */,
				4F6529051988167F00030100 /* Juniorsimapp3.pdf in Resources */,
				82C804441A0720F3004E7294 /* sink_icon@2x.png in Resources */,
				4FD3DCB219DA01D500E8A759 /* help@2x.png in Resources */,
				4F73F65019FFFAB500B25D7C /* map@2x.png in Resources */,
				4FD3DCD319DB0D6900E8A759 /* Localizable.strings in Resources */,
				4F85E61719C785AB008B4D1C /* wash-hands-no-germs.jpg in Resources */,
				4F85E61519C77ECA008B4D1C /* low_power.wav in Resources */,
				4FD3DCA819D9FE6000E8A759 /* unlock.png in Resources */,
				82C8044A1A0724E5004E7294 /* patient@2x.png in Resources */,
				82C804481A0724E5004E7294 /* patient.png in Resources */,
				4F98B65619DC3F8D002624AA /* caution@2x.png in Resources */,
				4FD3DCA519D9FE1800E8A759 /* debugging.png in Resources */,
			);
			runOnlyForDeploymentPostprocessing = 0;
		};
		4F6528E11988123B00030100 /* Resources */ = {
			isa = PBXResourcesBuildPhase;
			buildActionMask = 2147483647;
			files = (
				4FD3DC9D19D9FB3900E8A759 /* help.png in Resources */,
				4FD3DC9319D9E06100E8A759 /* sampleLogo.png in Resources */,
				4FD3DCB819DA01DC00E8A759 /* scan@2x.png in Resources */,
				4FD3DCA919D9FE6000E8A759 /* unlock.png in Resources */,
				4FD3DCA319D9FD5400E8A759 /* scan.png in Resources */,
				4FD3DCAC19DA016800E8A759 /* debugging@2x.png in Resources */,
				4FD3DCBE19DA028400E8A759 /* clear@2x.png in Resources */,
				4FD3DCB519DA01D500E8A759 /* padlock@2x.png in Resources */,
				4FD3DCA619D9FE1800E8A759 /* debugging.png in Resources */,
				82C804431A0720F3004E7294 /* sink_icon.png in Resources */,
				4F6528EF1988123B00030100 /* InfoPlist.strings in Resources */,
				82C804491A0724E5004E7294 /* patient.png in Resources */,
				4FD3DCBC19DA028400E8A759 /* clear.png in Resources */,
				82C804451A0720F3004E7294 /* sink_icon@2x.png in Resources */,
				82C8044B1A0724E5004E7294 /* patient@2x.png in Resources */,
				82C8043D1A071FFA004E7294 /* bedside_icon.png in Resources */,
				4FD3DCB119DA01D500E8A759 /* documents@2x.png in Resources */,
				4FD3DC9619D9FACE00E8A759 /* documents.png in Resources */,
				4FD3DCA019D9FBC700E8A759 /* padlock.png in Resources */,
				4FD3DCB319DA01D500E8A759 /* help@2x.png in Resources */,
				82C8043F1A071FFA004E7294 /* bedside_icon@2x.png in Resources */,
			);
			runOnlyForDeploymentPostprocessing = 0;
		};
/* End PBXResourcesBuildPhase section */

/* Begin PBXSourcesBuildPhase section */
		4F6528BE1988123B00030100 /* Sources */ = {
			isa = PBXSourcesBuildPhase;
			buildActionMask = 2147483647;
			files = (
				4F65291C1988219300030100 /* ATCDetailsWebViewController.m in Sources */,
				4F3553AC19EEB37700F48092 /* ATCBeaconNetworkUtilities.m in Sources */,
				4F35539119E6EED500F48092 /* ATCPrimaryNurseChoice.m in Sources */,
				82C804381A05105D004E7294 /* ATCHospitalRoomViewController.m in Sources */,
				4FD3DCC819DB01B600E8A759 /* ATCStation.m in Sources */,
				4F65290D1988171200030100 /* ATCDocumentsViewController.m in Sources */,
				4F6528D21988123B00030100 /* main.m in Sources */,
				4F6528DC1988123B00030100 /* ATCStationsViewController.m in Sources */,
				4F85E61D19C78AF1008B4D1C /* ATCWashingHandsStationViewController.m in Sources */,
				4F3553B319EED63200F48092 /* JMCBeaconManager.m in Sources */,
				4F6528D61988123B00030100 /* ATCAppDelegate.m in Sources */,
				4F85E61A19C786C6008B4D1C /* Utilities.m in Sources */,
				4F35538819E599B700F48092 /* ATCNetworkTest.m in Sources */,
				4FD3DC8F19D9D95B00E8A759 /* ATCAuthenticateViewController.m in Sources */,
				4FD3DCC519DB00E500E8A759 /* ATCPatientCell.m in Sources */,
				82A9629F19F0AFF3009CAB7A /* ATCMapViewController.m in Sources */,
				4F6529101988174500030100 /* DataSource.m in Sources */,
				4F5B295719951DC80055E462 /* ATCLogViewController.m in Sources */,
				823D3B3919F86F210018947A /* ATCRegionsViewController.m in Sources */,
				4FD3DCD519DB110600E8A759 /* ATCBeaconContentManager.m in Sources */,
				4FD3DCC219DB008700E8A759 /* ATCBeacon.m in Sources */,
				4F6C864D1A040FDC0093E72C /* ATCPatientViewController.m in Sources */,
				4F6C86491A03EE5B0093E72C /* ATCBedStationViewController.m in Sources */,
				82C804341A050FD8004E7294 /* ATCStationViewController.m in Sources */,
				4F35539519EC777B00F48092 /* ATCWarningViewController.m in Sources */,
				4FD3DCD819DB2C5100E8A759 /* ATCPatient.m in Sources */,
				4F35538C19E6E1C400F48092 /* ATCState.m in Sources */,
				4F65292019882C6500030100 /* igViewController.m in Sources */,
				823D3B3619F8399F0018947A /* ATCNavigationViewController.m in Sources */,
			);
			runOnlyForDeploymentPostprocessing = 0;
		};
		4F6528DF1988123B00030100 /* Sources */ = {
			isa = PBXSourcesBuildPhase;
			buildActionMask = 2147483647;
			files = (
				4F35538D19E6E1C400F48092 /* ATCState.m in Sources */,
				4F3553AD19EEB37700F48092 /* ATCBeaconNetworkUtilities.m in Sources */,
				4F6C864A1A03EE5B0093E72C /* ATCBedStationViewController.m in Sources */,
				4F35539219E6EED500F48092 /* ATCPrimaryNurseChoice.m in Sources */,
				82C804391A05105D004E7294 /* ATCHospitalRoomViewController.m in Sources */,
				4F35539619EC777B00F48092 /* ATCWarningViewController.m in Sources */,
				4F6C864E1A040FDC0093E72C /* ATCPatientViewController.m in Sources */,
				4FD3DCD919DB2C5100E8A759 /* ATCPatient.m in Sources */,
				4FD3DC9019D9D95B00E8A759 /* ATCAuthenticateViewController.m in Sources */,
				4F35538919E599B700F48092 /* ATCNetworkTest.m in Sources */,
				82C804351A050FD8004E7294 /* ATCStationViewController.m in Sources */,
				4F6528F11988123B00030100 /* UWFNursingTests.m in Sources */,
				82A962A019F0AFF3009CAB7A /* ATCMapViewController.m in Sources */,
				4FD3DCD619DB110600E8A759 /* ATCBeaconContentManager.m in Sources */,
			);
			runOnlyForDeploymentPostprocessing = 0;
		};
/* End PBXSourcesBuildPhase section */

/* Begin PBXTargetDependency section */
		4F6528E91988123B00030100 /* PBXTargetDependency */ = {
			isa = PBXTargetDependency;
			target = 4F6528C11988123B00030100 /* UWFNursing */;
			targetProxy = 4F6528E81988123B00030100 /* PBXContainerItemProxy */;
		};
/* End PBXTargetDependency section */

/* Begin PBXVariantGroup section */
		4F6528CE1988123B00030100 /* InfoPlist.strings */ = {
			isa = PBXVariantGroup;
			children = (
				4F6528CF1988123B00030100 /* en */,
			);
			name = InfoPlist.strings;
			sourceTree = "<group>";
		};
		4F6528D71988123B00030100 /* Main.storyboard */ = {
			isa = PBXVariantGroup;
			children = (
				4F6528D81988123B00030100 /* Base */,
			);
			name = Main.storyboard;
			sourceTree = "<group>";
		};
		4F6528ED1988123B00030100 /* InfoPlist.strings */ = {
			isa = PBXVariantGroup;
			children = (
				4F6528EE1988123B00030100 /* en */,
			);
			name = InfoPlist.strings;
			sourceTree = "<group>";
		};
/* End PBXVariantGroup section */

/* Begin XCBuildConfiguration section */
		4F6528F21988123B00030100 /* Debug */ = {
			isa = XCBuildConfiguration;
			buildSettings = {
				ALWAYS_SEARCH_USER_PATHS = NO;
				CLANG_CXX_LANGUAGE_STANDARD = "gnu++0x";
				CLANG_CXX_LIBRARY = "libc++";
				CLANG_ENABLE_MODULES = YES;
				CLANG_ENABLE_OBJC_ARC = YES;
				CLANG_WARN_BOOL_CONVERSION = YES;
				CLANG_WARN_CONSTANT_CONVERSION = YES;
				CLANG_WARN_DIRECT_OBJC_ISA_USAGE = YES_ERROR;
				CLANG_WARN_EMPTY_BODY = YES;
				CLANG_WARN_ENUM_CONVERSION = YES;
				CLANG_WARN_INT_CONVERSION = YES;
				CLANG_WARN_OBJC_ROOT_CLASS = YES_ERROR;
				CLANG_WARN__DUPLICATE_METHOD_MATCH = YES;
				CODE_SIGN_IDENTITY = "iPhone Developer";
				"CODE_SIGN_IDENTITY[sdk=iphoneos*]" = "iPhone Developer";
				COPY_PHASE_STRIP = NO;
				GCC_C_LANGUAGE_STANDARD = gnu99;
				GCC_DYNAMIC_NO_PIC = NO;
				GCC_OPTIMIZATION_LEVEL = 0;
				GCC_PREPROCESSOR_DEFINITIONS = (
					"DEBUG=1",
					"$(inherited)",
				);
				GCC_SYMBOLS_PRIVATE_EXTERN = NO;
				GCC_WARN_64_TO_32_BIT_CONVERSION = YES;
				GCC_WARN_ABOUT_RETURN_TYPE = YES_ERROR;
				GCC_WARN_UNDECLARED_SELECTOR = YES;
				GCC_WARN_UNINITIALIZED_AUTOS = YES_AGGRESSIVE;
				GCC_WARN_UNUSED_FUNCTION = YES;
				GCC_WARN_UNUSED_VARIABLE = YES;
				IPHONEOS_DEPLOYMENT_TARGET = 7.1;
				ONLY_ACTIVE_ARCH = YES;
				PROVISIONING_PROFILE = "eb88dc00-fb05-4c8c-9d7d-4a226c95f90b";
				SDKROOT = iphoneos;
			};
			name = Debug;
		};
		4F6528F31988123B00030100 /* Release */ = {
			isa = XCBuildConfiguration;
			buildSettings = {
				ALWAYS_SEARCH_USER_PATHS = NO;
				CLANG_CXX_LANGUAGE_STANDARD = "gnu++0x";
				CLANG_CXX_LIBRARY = "libc++";
				CLANG_ENABLE_MODULES = YES;
				CLANG_ENABLE_OBJC_ARC = YES;
				CLANG_WARN_BOOL_CONVERSION = YES;
				CLANG_WARN_CONSTANT_CONVERSION = YES;
				CLANG_WARN_DIRECT_OBJC_ISA_USAGE = YES_ERROR;
				CLANG_WARN_EMPTY_BODY = YES;
				CLANG_WARN_ENUM_CONVERSION = YES;
				CLANG_WARN_INT_CONVERSION = YES;
				CLANG_WARN_OBJC_ROOT_CLASS = YES_ERROR;
				CLANG_WARN__DUPLICATE_METHOD_MATCH = YES;
				CODE_SIGN_IDENTITY = "";
				"CODE_SIGN_IDENTITY[sdk=iphoneos*]" = "";
				COPY_PHASE_STRIP = YES;
				ENABLE_NS_ASSERTIONS = NO;
				GCC_C_LANGUAGE_STANDARD = gnu99;
				GCC_WARN_64_TO_32_BIT_CONVERSION = YES;
				GCC_WARN_ABOUT_RETURN_TYPE = YES_ERROR;
				GCC_WARN_UNDECLARED_SELECTOR = YES;
				GCC_WARN_UNINITIALIZED_AUTOS = YES_AGGRESSIVE;
				GCC_WARN_UNUSED_FUNCTION = YES;
				GCC_WARN_UNUSED_VARIABLE = YES;
				IPHONEOS_DEPLOYMENT_TARGET = 7.1;
				PROVISIONING_PROFILE = "eb88dc00-fb05-4c8c-9d7d-4a226c95f90b";
				SDKROOT = iphoneos;
				VALIDATE_PRODUCT = YES;
			};
			name = Release;
		};
		4F6528F51988123B00030100 /* Debug */ = {
			isa = XCBuildConfiguration;
			buildSettings = {
				ALWAYS_SEARCH_USER_PATHS = YES;
				ASSETCATALOG_COMPILER_APPICON_NAME = AppIcon;
				ASSETCATALOG_COMPILER_LAUNCHIMAGE_NAME = LaunchImage;
				CODE_SIGN_IDENTITY = "iPhone Developer";
				"CODE_SIGN_IDENTITY[sdk=iphoneos*]" = "iPhone Developer";
				GCC_PRECOMPILE_PREFIX_HEADER = YES;
				GCC_PREFIX_HEADER = "UWFNursing/UWFNursing-Prefix.pch";
				HEADER_SEARCH_PATHS = (
					"$(inherited)",
					/Applications/Xcode.app/Contents/Developer/Toolchains/XcodeDefault.xctoolchain/usr/include,
				);
				INFOPLIST_FILE = "UWFNursing/UWFNursing-Info.plist";
				IPHONEOS_DEPLOYMENT_TARGET = 8.0;
				ONLY_ACTIVE_ARCH = YES;
				PRODUCT_NAME = "$(TARGET_NAME)";
				PROVISIONING_PROFILE = "eb88dc00-fb05-4c8c-9d7d-4a226c95f90b";
				TARGETED_DEVICE_FAMILY = "1,2";
				WRAPPER_EXTENSION = app;
			};
			name = Debug;
		};
		4F6528F61988123B00030100 /* Release */ = {
			isa = XCBuildConfiguration;
			buildSettings = {
				ALWAYS_SEARCH_USER_PATHS = YES;
				ASSETCATALOG_COMPILER_APPICON_NAME = AppIcon;
				ASSETCATALOG_COMPILER_LAUNCHIMAGE_NAME = LaunchImage;
				CODE_SIGN_IDENTITY = "iPhone Distribution";
				"CODE_SIGN_IDENTITY[sdk=iphoneos*]" = "iPhone Distribution";
				GCC_PRECOMPILE_PREFIX_HEADER = YES;
				GCC_PREFIX_HEADER = "UWFNursing/UWFNursing-Prefix.pch";
				HEADER_SEARCH_PATHS = (
					"$(inherited)",
					/Applications/Xcode.app/Contents/Developer/Toolchains/XcodeDefault.xctoolchain/usr/include,
				);
				INFOPLIST_FILE = "UWFNursing/UWFNursing-Info.plist";
				IPHONEOS_DEPLOYMENT_TARGET = 8.0;
				ONLY_ACTIVE_ARCH = YES;
				PRODUCT_NAME = "$(TARGET_NAME)";
				PROVISIONING_PROFILE = "0e737eea-39cb-48ea-abf3-0d2dfd3631da";
				TARGETED_DEVICE_FAMILY = "1,2";
				WRAPPER_EXTENSION = app;
			};
			name = Release;
		};
		4F6528F81988123B00030100 /* Debug */ = {
			isa = XCBuildConfiguration;
			buildSettings = {
				BUNDLE_LOADER = "$(BUILT_PRODUCTS_DIR)/UWFNursing.app/UWFNursing";
				FRAMEWORK_SEARCH_PATHS = (
					"$(SDKROOT)/Developer/Library/Frameworks",
					"$(inherited)",
					"$(DEVELOPER_FRAMEWORKS_DIR)",
				);
				GCC_PRECOMPILE_PREFIX_HEADER = YES;
				GCC_PREFIX_HEADER = "UWFNursing/UWFNursing-Prefix.pch";
				GCC_PREPROCESSOR_DEFINITIONS = (
					"DEBUG=1",
					"$(inherited)",
				);
				INFOPLIST_FILE = "UWFNursingTests/UWFNursingTests-Info.plist";
				PRODUCT_NAME = "$(TARGET_NAME)";
				PROVISIONING_PROFILE = "";
				TEST_HOST = "$(BUNDLE_LOADER)";
				WRAPPER_EXTENSION = xctest;
			};
			name = Debug;
		};
		4F6528F91988123B00030100 /* Release */ = {
			isa = XCBuildConfiguration;
			buildSettings = {
				BUNDLE_LOADER = "$(BUILT_PRODUCTS_DIR)/UWFNursing.app/UWFNursing";
				CODE_SIGN_IDENTITY = "iPhone Developer";
				FRAMEWORK_SEARCH_PATHS = (
					"$(SDKROOT)/Developer/Library/Frameworks",
					"$(inherited)",
					"$(DEVELOPER_FRAMEWORKS_DIR)",
				);
				GCC_PRECOMPILE_PREFIX_HEADER = YES;
				GCC_PREFIX_HEADER = "UWFNursing/UWFNursing-Prefix.pch";
				INFOPLIST_FILE = "UWFNursingTests/UWFNursingTests-Info.plist";
				PRODUCT_NAME = "$(TARGET_NAME)";
				PROVISIONING_PROFILE = "";
				TEST_HOST = "$(BUNDLE_LOADER)";
				WRAPPER_EXTENSION = xctest;
			};
			name = Release;
		};
/* End XCBuildConfiguration section */

/* Begin XCConfigurationList section */
		4F6528BD1988123B00030100 /* Build configuration list for PBXProject "UWFNursing" */ = {
			isa = XCConfigurationList;
			buildConfigurations = (
				4F6528F21988123B00030100 /* Debug */,
				4F6528F31988123B00030100 /* Release */,
			);
			defaultConfigurationIsVisible = 0;
			defaultConfigurationName = Release;
		};
		4F6528F41988123B00030100 /* Build configuration list for PBXNativeTarget "UWFNursing" */ = {
			isa = XCConfigurationList;
			buildConfigurations = (
				4F6528F51988123B00030100 /* Debug */,
				4F6528F61988123B00030100 /* Release */,
			);
			defaultConfigurationIsVisible = 0;
			defaultConfigurationName = Release;
		};
		4F6528F71988123B00030100 /* Build configuration list for PBXNativeTarget "UWFNursingTests" */ = {
			isa = XCConfigurationList;
			buildConfigurations = (
				4F6528F81988123B00030100 /* Debug */,
				4F6528F91988123B00030100 /* Release */,
			);
			defaultConfigurationIsVisible = 0;
			defaultConfigurationName = Release;
		};
/* End XCConfigurationList section */
	};
	rootObject = 4F6528BA1988123B00030100 /* Project object */;
}
